
Microsoft Visual Studio Solution File, Format Version 12.00
# Visual Studio 14
VisualStudioVersion = 14.0.25420.1
MinimumVisualStudioVersion = 10.0.40219.1
Project("{2150E333-8FDC-42A3-9474-1A3956D46DE8}") = "Cellenzapp.Core", "Cellenzapp.Core", "{DD29431D-19BF-4D7E-9F8E-0297C0555F8E}"
EndProject
Project("{2150E333-8FDC-42A3-9474-1A3956D46DE8}") = "Cellenzapp.Forms", "Cellenzapp.Forms", "{990EB043-5A28-4229-843E-325D14311146}"
EndProject
Project("{FAE04EC0-301F-11D3-BF4B-00C04F79EFBC}") = "Cellenzapp.Forms", "Cellenzapp.Forms\Cellenzapp.Forms\Cellenzapp.Forms.csproj", "{3ABDC0DF-5B64-40D4-93FD-6E01BC27FE85}"
EndProject
Project("{FAE04EC0-301F-11D3-BF4B-00C04F79EFBC}") = "Cellenzapp.Forms.Droid", "Cellenzapp.Forms\Cellenzapp.Forms.Droid\Cellenzapp.Forms.Droid.csproj", "{149692B2-5839-4E19-A1BE-00E60D0DAED0}"
EndProject
Project("{FAE04EC0-301F-11D3-BF4B-00C04F79EFBC}") = "Cellenzapp.Forms.iOS", "Cellenzapp.Forms\Cellenzapp.Forms.iOS\Cellenzapp.Forms.iOS.csproj", "{B4CE1159-55FA-4092-8D6C-733FFF1CCDC2}"
EndProject
Project("{FAE04EC0-301F-11D3-BF4B-00C04F79EFBC}") = "Cellenzapp.Forms.WinPhone", "Cellenzapp.Forms\Cellenzapp.Forms.WinPhone\Cellenzapp.Forms.WinPhone.csproj", "{0B19053D-B0AD-4CBF-9AA0-2E405DBD8D2D}"
EndProject
Project("{FAE04EC0-301F-11D3-BF4B-00C04F79EFBC}") = "Cellenzapp.Forms.UWP", "Cellenzapp.Forms\Cellenzapp.Forms.UWP\Cellenzapp.Forms.UWP.csproj", "{2380D9E8-6C41-4FB9-9CDD-B674D962768B}"
EndProject
Project("{FAE04EC0-301F-11D3-BF4B-00C04F79EFBC}") = "Cellenzapp.Forms.Windows", "Cellenzapp.Forms\Cellenzapp.Forms.Windows\Cellenzapp.Forms.Windows.csproj", "{602E95A1-6B6C-41D6-8953-D4B3ED20AFAB}"
EndProject
Project("{2150E333-8FDC-42A3-9474-1A3956D46DE8}") = "Cellenzapp.Native", "Cellenzapp.Native", "{536D9344-D9B0-4FDD-A3F3-9207656871A7}"
EndProject
Project("{FAE04EC0-301F-11D3-BF4B-00C04F79EFBC}") = "Cellenzapp.Native.iOS", "Cellenzapp.Native\Cellenzapp.Native.iOS\Cellenzapp.Native.iOS.csproj", "{51297B77-361E-4ADA-B6EC-DCFFF943EC4A}"
EndProject
Project("{FAE04EC0-301F-11D3-BF4B-00C04F79EFBC}") = "Cellenzapp.Native.WinPhone", "Cellenzapp.Native\Cellenzapp.Native.WinPhone\Cellenzapp.Native.WinPhone.csproj", "{9F7CD64E-A646-4303-869F-81A1F55422A5}"
EndProject
Project("{FAE04EC0-301F-11D3-BF4B-00C04F79EFBC}") = "Cellenzapp.Native", "Cellenzapp.Native\Cellenzapp.Native\Cellenzapp.Native.csproj", "{EB71DDB2-3F8B-41EE-8C6F-DE18357A5047}"
EndProject
Project("{FAE04EC0-301F-11D3-BF4B-00C04F79EFBC}") = "Cellenzapp.Core", "Cellenzapp.Core\Cellenzapp.Core\Cellenzapp.Core.csproj", "{0F9DE0A2-102C-41BE-8B14-E018E4FD8D98}"
EndProject
Project("{FAE04EC0-301F-11D3-BF4B-00C04F79EFBC}") = "Cellenzapp.Native.Droid", "Cellenzapp.Native\Cellenzapp.Native.Droid\Cellenzapp.Native.Droid.csproj", "{C3C0F440-D99A-4269-916F-4181C5E0F6F7}"
EndProject
Project("{2150E333-8FDC-42A3-9474-1A3956D46DE8}") = "Cellenzapp.Tests", "Cellenzapp.Tests", "{4FEDBAF9-284D-4E5B-B20E-C1E035BBAC24}"
EndProject
Project("{FAE04EC0-301F-11D3-BF4B-00C04F79EFBC}") = "Cellenzapp.Tests.Api", "Cellenza.Tests.Api\Cellenzapp.Tests.Api.csproj", "{3152B4CD-A0A9-41D5-9E1D-F0F655DDC688}"
EndProject
Global
	GlobalSection(SolutionConfigurationPlatforms) = preSolution
		Ad-Hoc|Any CPU = Ad-Hoc|Any CPU
		Ad-Hoc|ARM = Ad-Hoc|ARM
		Ad-Hoc|iPhone = Ad-Hoc|iPhone
		Ad-Hoc|iPhoneSimulator = Ad-Hoc|iPhoneSimulator
		Ad-Hoc|x64 = Ad-Hoc|x64
		Ad-Hoc|x86 = Ad-Hoc|x86
		AppStore|Any CPU = AppStore|Any CPU
		AppStore|ARM = AppStore|ARM
		AppStore|iPhone = AppStore|iPhone
		AppStore|iPhoneSimulator = AppStore|iPhoneSimulator
		AppStore|x64 = AppStore|x64
		AppStore|x86 = AppStore|x86
		Debug|Any CPU = Debug|Any CPU
		Debug|ARM = Debug|ARM
		Debug|iPhone = Debug|iPhone
		Debug|iPhoneSimulator = Debug|iPhoneSimulator
		Debug|x64 = Debug|x64
		Debug|x86 = Debug|x86
		Release|Any CPU = Release|Any CPU
		Release|ARM = Release|ARM
		Release|iPhone = Release|iPhone
		Release|iPhoneSimulator = Release|iPhoneSimulator
		Release|x64 = Release|x64
		Release|x86 = Release|x86
	EndGlobalSection
	GlobalSection(ProjectConfigurationPlatforms) = postSolution
		{3ABDC0DF-5B64-40D4-93FD-6E01BC27FE85}.Ad-Hoc|Any CPU.ActiveCfg = Release|Any CPU
		{3ABDC0DF-5B64-40D4-93FD-6E01BC27FE85}.Ad-Hoc|Any CPU.Build.0 = Release|Any CPU
		{3ABDC0DF-5B64-40D4-93FD-6E01BC27FE85}.Ad-Hoc|ARM.ActiveCfg = Release|Any CPU
		{3ABDC0DF-5B64-40D4-93FD-6E01BC27FE85}.Ad-Hoc|ARM.Build.0 = Release|Any CPU
		{3ABDC0DF-5B64-40D4-93FD-6E01BC27FE85}.Ad-Hoc|iPhone.ActiveCfg = Release|Any CPU
		{3ABDC0DF-5B64-40D4-93FD-6E01BC27FE85}.Ad-Hoc|iPhone.Build.0 = Release|Any CPU
		{3ABDC0DF-5B64-40D4-93FD-6E01BC27FE85}.Ad-Hoc|iPhoneSimulator.ActiveCfg = Release|Any CPU
		{3ABDC0DF-5B64-40D4-93FD-6E01BC27FE85}.Ad-Hoc|iPhoneSimulator.Build.0 = Release|Any CPU
		{3ABDC0DF-5B64-40D4-93FD-6E01BC27FE85}.Ad-Hoc|x64.ActiveCfg = Release|Any CPU
		{3ABDC0DF-5B64-40D4-93FD-6E01BC27FE85}.Ad-Hoc|x64.Build.0 = Release|Any CPU
		{3ABDC0DF-5B64-40D4-93FD-6E01BC27FE85}.Ad-Hoc|x86.ActiveCfg = Release|Any CPU
		{3ABDC0DF-5B64-40D4-93FD-6E01BC27FE85}.Ad-Hoc|x86.Build.0 = Release|Any CPU
		{3ABDC0DF-5B64-40D4-93FD-6E01BC27FE85}.AppStore|Any CPU.ActiveCfg = Release|Any CPU
		{3ABDC0DF-5B64-40D4-93FD-6E01BC27FE85}.AppStore|Any CPU.Build.0 = Release|Any CPU
		{3ABDC0DF-5B64-40D4-93FD-6E01BC27FE85}.AppStore|ARM.ActiveCfg = Release|Any CPU
		{3ABDC0DF-5B64-40D4-93FD-6E01BC27FE85}.AppStore|ARM.Build.0 = Release|Any CPU
		{3ABDC0DF-5B64-40D4-93FD-6E01BC27FE85}.AppStore|iPhone.ActiveCfg = Release|Any CPU
		{3ABDC0DF-5B64-40D4-93FD-6E01BC27FE85}.AppStore|iPhone.Build.0 = Release|Any CPU
		{3ABDC0DF-5B64-40D4-93FD-6E01BC27FE85}.AppStore|iPhoneSimulator.ActiveCfg = Release|Any CPU
		{3ABDC0DF-5B64-40D4-93FD-6E01BC27FE85}.AppStore|iPhoneSimulator.Build.0 = Release|Any CPU
		{3ABDC0DF-5B64-40D4-93FD-6E01BC27FE85}.AppStore|x64.ActiveCfg = Release|Any CPU
		{3ABDC0DF-5B64-40D4-93FD-6E01BC27FE85}.AppStore|x64.Build.0 = Release|Any CPU
		{3ABDC0DF-5B64-40D4-93FD-6E01BC27FE85}.AppStore|x86.ActiveCfg = Release|Any CPU
		{3ABDC0DF-5B64-40D4-93FD-6E01BC27FE85}.AppStore|x86.Build.0 = Release|Any CPU
		{3ABDC0DF-5B64-40D4-93FD-6E01BC27FE85}.Debug|Any CPU.ActiveCfg = Debug|Any CPU
		{3ABDC0DF-5B64-40D4-93FD-6E01BC27FE85}.Debug|Any CPU.Build.0 = Debug|Any CPU
		{3ABDC0DF-5B64-40D4-93FD-6E01BC27FE85}.Debug|ARM.ActiveCfg = Debug|Any CPU
		{3ABDC0DF-5B64-40D4-93FD-6E01BC27FE85}.Debug|ARM.Build.0 = Debug|Any CPU
		{3ABDC0DF-5B64-40D4-93FD-6E01BC27FE85}.Debug|iPhone.ActiveCfg = Debug|Any CPU
		{3ABDC0DF-5B64-40D4-93FD-6E01BC27FE85}.Debug|iPhone.Build.0 = Debug|Any CPU
		{3ABDC0DF-5B64-40D4-93FD-6E01BC27FE85}.Debug|iPhoneSimulator.ActiveCfg = Debug|Any CPU
		{3ABDC0DF-5B64-40D4-93FD-6E01BC27FE85}.Debug|iPhoneSimulator.Build.0 = Debug|Any CPU
		{3ABDC0DF-5B64-40D4-93FD-6E01BC27FE85}.Debug|x64.ActiveCfg = Debug|Any CPU
		{3ABDC0DF-5B64-40D4-93FD-6E01BC27FE85}.Debug|x64.Build.0 = Debug|Any CPU
		{3ABDC0DF-5B64-40D4-93FD-6E01BC27FE85}.Debug|x86.ActiveCfg = Debug|Any CPU
		{3ABDC0DF-5B64-40D4-93FD-6E01BC27FE85}.Debug|x86.Build.0 = Debug|Any CPU
		{3ABDC0DF-5B64-40D4-93FD-6E01BC27FE85}.Release|Any CPU.ActiveCfg = Release|Any CPU
		{3ABDC0DF-5B64-40D4-93FD-6E01BC27FE85}.Release|Any CPU.Build.0 = Release|Any CPU
		{3ABDC0DF-5B64-40D4-93FD-6E01BC27FE85}.Release|ARM.ActiveCfg = Release|Any CPU
		{3ABDC0DF-5B64-40D4-93FD-6E01BC27FE85}.Release|ARM.Build.0 = Release|Any CPU
		{3ABDC0DF-5B64-40D4-93FD-6E01BC27FE85}.Release|iPhone.ActiveCfg = Release|Any CPU
		{3ABDC0DF-5B64-40D4-93FD-6E01BC27FE85}.Release|iPhone.Build.0 = Release|Any CPU
		{3ABDC0DF-5B64-40D4-93FD-6E01BC27FE85}.Release|iPhoneSimulator.ActiveCfg = Release|Any CPU
		{3ABDC0DF-5B64-40D4-93FD-6E01BC27FE85}.Release|iPhoneSimulator.Build.0 = Release|Any CPU
		{3ABDC0DF-5B64-40D4-93FD-6E01BC27FE85}.Release|x64.ActiveCfg = Release|Any CPU
		{3ABDC0DF-5B64-40D4-93FD-6E01BC27FE85}.Release|x64.Build.0 = Release|Any CPU
		{3ABDC0DF-5B64-40D4-93FD-6E01BC27FE85}.Release|x86.ActiveCfg = Release|Any CPU
		{3ABDC0DF-5B64-40D4-93FD-6E01BC27FE85}.Release|x86.Build.0 = Release|Any CPU
		{149692B2-5839-4E19-A1BE-00E60D0DAED0}.Ad-Hoc|Any CPU.ActiveCfg = Release|Any CPU
		{149692B2-5839-4E19-A1BE-00E60D0DAED0}.Ad-Hoc|Any CPU.Build.0 = Release|Any CPU
		{149692B2-5839-4E19-A1BE-00E60D0DAED0}.Ad-Hoc|Any CPU.Deploy.0 = Release|Any CPU
		{149692B2-5839-4E19-A1BE-00E60D0DAED0}.Ad-Hoc|ARM.ActiveCfg = Release|Any CPU
		{149692B2-5839-4E19-A1BE-00E60D0DAED0}.Ad-Hoc|ARM.Build.0 = Release|Any CPU
		{149692B2-5839-4E19-A1BE-00E60D0DAED0}.Ad-Hoc|ARM.Deploy.0 = Release|Any CPU
		{149692B2-5839-4E19-A1BE-00E60D0DAED0}.Ad-Hoc|iPhone.ActiveCfg = Release|Any CPU
		{149692B2-5839-4E19-A1BE-00E60D0DAED0}.Ad-Hoc|iPhone.Build.0 = Release|Any CPU
		{149692B2-5839-4E19-A1BE-00E60D0DAED0}.Ad-Hoc|iPhone.Deploy.0 = Release|Any CPU
		{149692B2-5839-4E19-A1BE-00E60D0DAED0}.Ad-Hoc|iPhoneSimulator.ActiveCfg = Release|Any CPU
		{149692B2-5839-4E19-A1BE-00E60D0DAED0}.Ad-Hoc|iPhoneSimulator.Build.0 = Release|Any CPU
		{149692B2-5839-4E19-A1BE-00E60D0DAED0}.Ad-Hoc|iPhoneSimulator.Deploy.0 = Release|Any CPU
		{149692B2-5839-4E19-A1BE-00E60D0DAED0}.Ad-Hoc|x64.ActiveCfg = Release|Any CPU
		{149692B2-5839-4E19-A1BE-00E60D0DAED0}.Ad-Hoc|x64.Build.0 = Release|Any CPU
		{149692B2-5839-4E19-A1BE-00E60D0DAED0}.Ad-Hoc|x64.Deploy.0 = Release|Any CPU
		{149692B2-5839-4E19-A1BE-00E60D0DAED0}.Ad-Hoc|x86.ActiveCfg = Release|Any CPU
		{149692B2-5839-4E19-A1BE-00E60D0DAED0}.Ad-Hoc|x86.Build.0 = Release|Any CPU
		{149692B2-5839-4E19-A1BE-00E60D0DAED0}.Ad-Hoc|x86.Deploy.0 = Release|Any CPU
		{149692B2-5839-4E19-A1BE-00E60D0DAED0}.AppStore|Any CPU.ActiveCfg = Release|Any CPU
		{149692B2-5839-4E19-A1BE-00E60D0DAED0}.AppStore|Any CPU.Build.0 = Release|Any CPU
		{149692B2-5839-4E19-A1BE-00E60D0DAED0}.AppStore|Any CPU.Deploy.0 = Release|Any CPU
		{149692B2-5839-4E19-A1BE-00E60D0DAED0}.AppStore|ARM.ActiveCfg = Release|Any CPU
		{149692B2-5839-4E19-A1BE-00E60D0DAED0}.AppStore|ARM.Build.0 = Release|Any CPU
		{149692B2-5839-4E19-A1BE-00E60D0DAED0}.AppStore|ARM.Deploy.0 = Release|Any CPU
		{149692B2-5839-4E19-A1BE-00E60D0DAED0}.AppStore|iPhone.ActiveCfg = Release|Any CPU
		{149692B2-5839-4E19-A1BE-00E60D0DAED0}.AppStore|iPhone.Build.0 = Release|Any CPU
		{149692B2-5839-4E19-A1BE-00E60D0DAED0}.AppStore|iPhone.Deploy.0 = Release|Any CPU
		{149692B2-5839-4E19-A1BE-00E60D0DAED0}.AppStore|iPhoneSimulator.ActiveCfg = Release|Any CPU
		{149692B2-5839-4E19-A1BE-00E60D0DAED0}.AppStore|iPhoneSimulator.Build.0 = Release|Any CPU
		{149692B2-5839-4E19-A1BE-00E60D0DAED0}.AppStore|iPhoneSimulator.Deploy.0 = Release|Any CPU
		{149692B2-5839-4E19-A1BE-00E60D0DAED0}.AppStore|x64.ActiveCfg = Release|Any CPU
		{149692B2-5839-4E19-A1BE-00E60D0DAED0}.AppStore|x64.Build.0 = Release|Any CPU
		{149692B2-5839-4E19-A1BE-00E60D0DAED0}.AppStore|x64.Deploy.0 = Release|Any CPU
		{149692B2-5839-4E19-A1BE-00E60D0DAED0}.AppStore|x86.ActiveCfg = Release|Any CPU
		{149692B2-5839-4E19-A1BE-00E60D0DAED0}.AppStore|x86.Build.0 = Release|Any CPU
		{149692B2-5839-4E19-A1BE-00E60D0DAED0}.AppStore|x86.Deploy.0 = Release|Any CPU
		{149692B2-5839-4E19-A1BE-00E60D0DAED0}.Debug|Any CPU.ActiveCfg = Debug|Any CPU
		{149692B2-5839-4E19-A1BE-00E60D0DAED0}.Debug|Any CPU.Build.0 = Debug|Any CPU
		{149692B2-5839-4E19-A1BE-00E60D0DAED0}.Debug|Any CPU.Deploy.0 = Debug|Any CPU
		{149692B2-5839-4E19-A1BE-00E60D0DAED0}.Debug|ARM.ActiveCfg = Debug|Any CPU
		{149692B2-5839-4E19-A1BE-00E60D0DAED0}.Debug|ARM.Build.0 = Debug|Any CPU
		{149692B2-5839-4E19-A1BE-00E60D0DAED0}.Debug|ARM.Deploy.0 = Debug|Any CPU
		{149692B2-5839-4E19-A1BE-00E60D0DAED0}.Debug|iPhone.ActiveCfg = Debug|Any CPU
		{149692B2-5839-4E19-A1BE-00E60D0DAED0}.Debug|iPhone.Deploy.0 = Debug|Any CPU
		{149692B2-5839-4E19-A1BE-00E60D0DAED0}.Debug|iPhoneSimulator.ActiveCfg = Debug|Any CPU
		{149692B2-5839-4E19-A1BE-00E60D0DAED0}.Debug|iPhoneSimulator.Deploy.0 = Debug|Any CPU
		{149692B2-5839-4E19-A1BE-00E60D0DAED0}.Debug|x64.ActiveCfg = Debug|Any CPU
		{149692B2-5839-4E19-A1BE-00E60D0DAED0}.Debug|x64.Build.0 = Debug|Any CPU
		{149692B2-5839-4E19-A1BE-00E60D0DAED0}.Debug|x64.Deploy.0 = Debug|Any CPU
		{149692B2-5839-4E19-A1BE-00E60D0DAED0}.Debug|x86.ActiveCfg = Debug|Any CPU
		{149692B2-5839-4E19-A1BE-00E60D0DAED0}.Debug|x86.Build.0 = Debug|Any CPU
		{149692B2-5839-4E19-A1BE-00E60D0DAED0}.Debug|x86.Deploy.0 = Debug|Any CPU
		{149692B2-5839-4E19-A1BE-00E60D0DAED0}.Release|Any CPU.ActiveCfg = Release|Any CPU
		{149692B2-5839-4E19-A1BE-00E60D0DAED0}.Release|Any CPU.Build.0 = Release|Any CPU
		{149692B2-5839-4E19-A1BE-00E60D0DAED0}.Release|Any CPU.Deploy.0 = Release|Any CPU
		{149692B2-5839-4E19-A1BE-00E60D0DAED0}.Release|ARM.ActiveCfg = Release|Any CPU
		{149692B2-5839-4E19-A1BE-00E60D0DAED0}.Release|ARM.Build.0 = Release|Any CPU
		{149692B2-5839-4E19-A1BE-00E60D0DAED0}.Release|ARM.Deploy.0 = Release|Any CPU
		{149692B2-5839-4E19-A1BE-00E60D0DAED0}.Release|iPhone.ActiveCfg = Release|Any CPU
		{149692B2-5839-4E19-A1BE-00E60D0DAED0}.Release|iPhone.Build.0 = Release|Any CPU
		{149692B2-5839-4E19-A1BE-00E60D0DAED0}.Release|iPhone.Deploy.0 = Release|Any CPU
		{149692B2-5839-4E19-A1BE-00E60D0DAED0}.Release|iPhoneSimulator.ActiveCfg = Release|Any CPU
		{149692B2-5839-4E19-A1BE-00E60D0DAED0}.Release|iPhoneSimulator.Build.0 = Release|Any CPU
		{149692B2-5839-4E19-A1BE-00E60D0DAED0}.Release|iPhoneSimulator.Deploy.0 = Release|Any CPU
		{149692B2-5839-4E19-A1BE-00E60D0DAED0}.Release|x64.ActiveCfg = Release|Any CPU
		{149692B2-5839-4E19-A1BE-00E60D0DAED0}.Release|x64.Build.0 = Release|Any CPU
		{149692B2-5839-4E19-A1BE-00E60D0DAED0}.Release|x64.Deploy.0 = Release|Any CPU
		{149692B2-5839-4E19-A1BE-00E60D0DAED0}.Release|x86.ActiveCfg = Release|Any CPU
		{149692B2-5839-4E19-A1BE-00E60D0DAED0}.Release|x86.Build.0 = Release|Any CPU
		{149692B2-5839-4E19-A1BE-00E60D0DAED0}.Release|x86.Deploy.0 = Release|Any CPU
		{149692B2-5839-4E19-A1BE-00E60D0DAED0}.Debug|iPhoneSimulator.Build.0 = Debug|Any CPU
		{B4CE1159-55FA-4092-8D6C-733FFF1CCDC2}.Ad-Hoc|Any CPU.ActiveCfg = Ad-Hoc|iPhone
		{B4CE1159-55FA-4092-8D6C-733FFF1CCDC2}.Ad-Hoc|ARM.ActiveCfg = Ad-Hoc|iPhone
		{B4CE1159-55FA-4092-8D6C-733FFF1CCDC2}.Ad-Hoc|iPhone.ActiveCfg = Ad-Hoc|iPhone
		{B4CE1159-55FA-4092-8D6C-733FFF1CCDC2}.Ad-Hoc|iPhone.Build.0 = Ad-Hoc|iPhone
		{B4CE1159-55FA-4092-8D6C-733FFF1CCDC2}.Ad-Hoc|iPhoneSimulator.ActiveCfg = Ad-Hoc|iPhoneSimulator
		{B4CE1159-55FA-4092-8D6C-733FFF1CCDC2}.Ad-Hoc|iPhoneSimulator.Build.0 = Ad-Hoc|iPhoneSimulator
		{B4CE1159-55FA-4092-8D6C-733FFF1CCDC2}.Ad-Hoc|x64.ActiveCfg = Ad-Hoc|iPhone
		{B4CE1159-55FA-4092-8D6C-733FFF1CCDC2}.Ad-Hoc|x86.ActiveCfg = Ad-Hoc|iPhone
		{B4CE1159-55FA-4092-8D6C-733FFF1CCDC2}.AppStore|Any CPU.ActiveCfg = AppStore|iPhone
		{B4CE1159-55FA-4092-8D6C-733FFF1CCDC2}.AppStore|ARM.ActiveCfg = AppStore|iPhone
		{B4CE1159-55FA-4092-8D6C-733FFF1CCDC2}.AppStore|iPhone.ActiveCfg = AppStore|iPhone
		{B4CE1159-55FA-4092-8D6C-733FFF1CCDC2}.AppStore|iPhone.Build.0 = AppStore|iPhone
		{B4CE1159-55FA-4092-8D6C-733FFF1CCDC2}.AppStore|iPhoneSimulator.ActiveCfg = AppStore|iPhoneSimulator
		{B4CE1159-55FA-4092-8D6C-733FFF1CCDC2}.AppStore|iPhoneSimulator.Build.0 = AppStore|iPhoneSimulator
		{B4CE1159-55FA-4092-8D6C-733FFF1CCDC2}.AppStore|x64.ActiveCfg = AppStore|iPhone
		{B4CE1159-55FA-4092-8D6C-733FFF1CCDC2}.AppStore|x86.ActiveCfg = AppStore|iPhone
		{B4CE1159-55FA-4092-8D6C-733FFF1CCDC2}.Debug|Any CPU.ActiveCfg = Debug|iPhone
		{B4CE1159-55FA-4092-8D6C-733FFF1CCDC2}.Debug|ARM.ActiveCfg = Debug|iPhone
		{B4CE1159-55FA-4092-8D6C-733FFF1CCDC2}.Debug|iPhone.ActiveCfg = Debug|iPhone
		{B4CE1159-55FA-4092-8D6C-733FFF1CCDC2}.Debug|iPhone.Build.0 = Debug|iPhone
		{B4CE1159-55FA-4092-8D6C-733FFF1CCDC2}.Debug|iPhoneSimulator.ActiveCfg = Debug|iPhoneSimulator
		{B4CE1159-55FA-4092-8D6C-733FFF1CCDC2}.Debug|iPhoneSimulator.Build.0 = Debug|iPhoneSimulator
		{B4CE1159-55FA-4092-8D6C-733FFF1CCDC2}.Debug|x64.ActiveCfg = Debug|iPhone
		{B4CE1159-55FA-4092-8D6C-733FFF1CCDC2}.Debug|x86.ActiveCfg = Debug|iPhone
		{B4CE1159-55FA-4092-8D6C-733FFF1CCDC2}.Release|Any CPU.ActiveCfg = Release|iPhone
		{B4CE1159-55FA-4092-8D6C-733FFF1CCDC2}.Release|ARM.ActiveCfg = Release|iPhone
		{B4CE1159-55FA-4092-8D6C-733FFF1CCDC2}.Release|iPhone.ActiveCfg = Release|iPhone
		{B4CE1159-55FA-4092-8D6C-733FFF1CCDC2}.Release|iPhone.Build.0 = Release|iPhone
		{B4CE1159-55FA-4092-8D6C-733FFF1CCDC2}.Release|iPhoneSimulator.ActiveCfg = Release|iPhoneSimulator
		{B4CE1159-55FA-4092-8D6C-733FFF1CCDC2}.Release|iPhoneSimulator.Build.0 = Release|iPhoneSimulator
		{B4CE1159-55FA-4092-8D6C-733FFF1CCDC2}.Release|x64.ActiveCfg = Release|iPhone
		{B4CE1159-55FA-4092-8D6C-733FFF1CCDC2}.Release|x86.ActiveCfg = Release|iPhone
		{B4CE1159-55FA-4092-8D6C-733FFF1CCDC2}.Debug|Any CPU.Build.0 = Debug|iPhone
		{0B19053D-B0AD-4CBF-9AA0-2E405DBD8D2D}.Ad-Hoc|Any CPU.ActiveCfg = Release|Any CPU
		{0B19053D-B0AD-4CBF-9AA0-2E405DBD8D2D}.Ad-Hoc|Any CPU.Build.0 = Release|Any CPU
		{0B19053D-B0AD-4CBF-9AA0-2E405DBD8D2D}.Ad-Hoc|Any CPU.Deploy.0 = Release|Any CPU
		{0B19053D-B0AD-4CBF-9AA0-2E405DBD8D2D}.Ad-Hoc|ARM.ActiveCfg = Release|ARM
		{0B19053D-B0AD-4CBF-9AA0-2E405DBD8D2D}.Ad-Hoc|ARM.Build.0 = Release|ARM
		{0B19053D-B0AD-4CBF-9AA0-2E405DBD8D2D}.Ad-Hoc|ARM.Deploy.0 = Release|ARM
		{0B19053D-B0AD-4CBF-9AA0-2E405DBD8D2D}.Ad-Hoc|iPhone.ActiveCfg = Release|Any CPU
		{0B19053D-B0AD-4CBF-9AA0-2E405DBD8D2D}.Ad-Hoc|iPhone.Build.0 = Release|Any CPU
		{0B19053D-B0AD-4CBF-9AA0-2E405DBD8D2D}.Ad-Hoc|iPhone.Deploy.0 = Release|Any CPU
		{0B19053D-B0AD-4CBF-9AA0-2E405DBD8D2D}.Ad-Hoc|iPhoneSimulator.ActiveCfg = Release|Any CPU
		{0B19053D-B0AD-4CBF-9AA0-2E405DBD8D2D}.Ad-Hoc|iPhoneSimulator.Build.0 = Release|Any CPU
		{0B19053D-B0AD-4CBF-9AA0-2E405DBD8D2D}.Ad-Hoc|iPhoneSimulator.Deploy.0 = Release|Any CPU
		{0B19053D-B0AD-4CBF-9AA0-2E405DBD8D2D}.Ad-Hoc|x64.ActiveCfg = Release|Any CPU
		{0B19053D-B0AD-4CBF-9AA0-2E405DBD8D2D}.Ad-Hoc|x64.Build.0 = Release|Any CPU
		{0B19053D-B0AD-4CBF-9AA0-2E405DBD8D2D}.Ad-Hoc|x64.Deploy.0 = Release|Any CPU
		{0B19053D-B0AD-4CBF-9AA0-2E405DBD8D2D}.Ad-Hoc|x86.ActiveCfg = Release|x86
		{0B19053D-B0AD-4CBF-9AA0-2E405DBD8D2D}.Ad-Hoc|x86.Build.0 = Release|x86
		{0B19053D-B0AD-4CBF-9AA0-2E405DBD8D2D}.Ad-Hoc|x86.Deploy.0 = Release|x86
		{0B19053D-B0AD-4CBF-9AA0-2E405DBD8D2D}.AppStore|Any CPU.ActiveCfg = Release|Any CPU
		{0B19053D-B0AD-4CBF-9AA0-2E405DBD8D2D}.AppStore|Any CPU.Build.0 = Release|Any CPU
		{0B19053D-B0AD-4CBF-9AA0-2E405DBD8D2D}.AppStore|Any CPU.Deploy.0 = Release|Any CPU
		{0B19053D-B0AD-4CBF-9AA0-2E405DBD8D2D}.AppStore|ARM.ActiveCfg = Release|ARM
		{0B19053D-B0AD-4CBF-9AA0-2E405DBD8D2D}.AppStore|ARM.Build.0 = Release|ARM
		{0B19053D-B0AD-4CBF-9AA0-2E405DBD8D2D}.AppStore|ARM.Deploy.0 = Release|ARM
		{0B19053D-B0AD-4CBF-9AA0-2E405DBD8D2D}.AppStore|iPhone.ActiveCfg = Release|Any CPU
		{0B19053D-B0AD-4CBF-9AA0-2E405DBD8D2D}.AppStore|iPhone.Build.0 = Release|Any CPU
		{0B19053D-B0AD-4CBF-9AA0-2E405DBD8D2D}.AppStore|iPhone.Deploy.0 = Release|Any CPU
		{0B19053D-B0AD-4CBF-9AA0-2E405DBD8D2D}.AppStore|iPhoneSimulator.ActiveCfg = Release|Any CPU
		{0B19053D-B0AD-4CBF-9AA0-2E405DBD8D2D}.AppStore|iPhoneSimulator.Build.0 = Release|Any CPU
		{0B19053D-B0AD-4CBF-9AA0-2E405DBD8D2D}.AppStore|iPhoneSimulator.Deploy.0 = Release|Any CPU
		{0B19053D-B0AD-4CBF-9AA0-2E405DBD8D2D}.AppStore|x64.ActiveCfg = Release|Any CPU
		{0B19053D-B0AD-4CBF-9AA0-2E405DBD8D2D}.AppStore|x64.Build.0 = Release|Any CPU
		{0B19053D-B0AD-4CBF-9AA0-2E405DBD8D2D}.AppStore|x64.Deploy.0 = Release|Any CPU
		{0B19053D-B0AD-4CBF-9AA0-2E405DBD8D2D}.AppStore|x86.ActiveCfg = Release|x86
		{0B19053D-B0AD-4CBF-9AA0-2E405DBD8D2D}.AppStore|x86.Build.0 = Release|x86
		{0B19053D-B0AD-4CBF-9AA0-2E405DBD8D2D}.AppStore|x86.Deploy.0 = Release|x86
		{0B19053D-B0AD-4CBF-9AA0-2E405DBD8D2D}.Debug|Any CPU.ActiveCfg = Debug|Any CPU
		{0B19053D-B0AD-4CBF-9AA0-2E405DBD8D2D}.Debug|Any CPU.Build.0 = Debug|Any CPU
		{0B19053D-B0AD-4CBF-9AA0-2E405DBD8D2D}.Debug|Any CPU.Deploy.0 = Debug|Any CPU
		{0B19053D-B0AD-4CBF-9AA0-2E405DBD8D2D}.Debug|ARM.ActiveCfg = Debug|ARM
		{0B19053D-B0AD-4CBF-9AA0-2E405DBD8D2D}.Debug|ARM.Build.0 = Debug|ARM
		{0B19053D-B0AD-4CBF-9AA0-2E405DBD8D2D}.Debug|ARM.Deploy.0 = Debug|ARM
		{0B19053D-B0AD-4CBF-9AA0-2E405DBD8D2D}.Debug|iPhone.ActiveCfg = Debug|Any CPU
		{0B19053D-B0AD-4CBF-9AA0-2E405DBD8D2D}.Debug|iPhone.Build.0 = Debug|Any CPU
		{0B19053D-B0AD-4CBF-9AA0-2E405DBD8D2D}.Debug|iPhone.Deploy.0 = Debug|Any CPU
		{0B19053D-B0AD-4CBF-9AA0-2E405DBD8D2D}.Debug|iPhoneSimulator.ActiveCfg = Debug|Any CPU
		{0B19053D-B0AD-4CBF-9AA0-2E405DBD8D2D}.Debug|iPhoneSimulator.Build.0 = Debug|Any CPU
		{0B19053D-B0AD-4CBF-9AA0-2E405DBD8D2D}.Debug|iPhoneSimulator.Deploy.0 = Debug|Any CPU
		{0B19053D-B0AD-4CBF-9AA0-2E405DBD8D2D}.Debug|x64.ActiveCfg = Debug|Any CPU
		{0B19053D-B0AD-4CBF-9AA0-2E405DBD8D2D}.Debug|x64.Build.0 = Debug|Any CPU
		{0B19053D-B0AD-4CBF-9AA0-2E405DBD8D2D}.Debug|x64.Deploy.0 = Debug|Any CPU
		{0B19053D-B0AD-4CBF-9AA0-2E405DBD8D2D}.Debug|x86.ActiveCfg = Debug|x86
		{0B19053D-B0AD-4CBF-9AA0-2E405DBD8D2D}.Debug|x86.Build.0 = Debug|x86
		{0B19053D-B0AD-4CBF-9AA0-2E405DBD8D2D}.Debug|x86.Deploy.0 = Debug|x86
		{0B19053D-B0AD-4CBF-9AA0-2E405DBD8D2D}.Release|Any CPU.ActiveCfg = Release|Any CPU
		{0B19053D-B0AD-4CBF-9AA0-2E405DBD8D2D}.Release|Any CPU.Build.0 = Release|Any CPU
		{0B19053D-B0AD-4CBF-9AA0-2E405DBD8D2D}.Release|Any CPU.Deploy.0 = Release|Any CPU
		{0B19053D-B0AD-4CBF-9AA0-2E405DBD8D2D}.Release|ARM.ActiveCfg = Release|ARM
		{0B19053D-B0AD-4CBF-9AA0-2E405DBD8D2D}.Release|ARM.Build.0 = Release|ARM
		{0B19053D-B0AD-4CBF-9AA0-2E405DBD8D2D}.Release|ARM.Deploy.0 = Release|ARM
		{0B19053D-B0AD-4CBF-9AA0-2E405DBD8D2D}.Release|iPhone.ActiveCfg = Release|Any CPU
		{0B19053D-B0AD-4CBF-9AA0-2E405DBD8D2D}.Release|iPhone.Build.0 = Release|Any CPU
		{0B19053D-B0AD-4CBF-9AA0-2E405DBD8D2D}.Release|iPhone.Deploy.0 = Release|Any CPU
		{0B19053D-B0AD-4CBF-9AA0-2E405DBD8D2D}.Release|iPhoneSimulator.ActiveCfg = Release|Any CPU
		{0B19053D-B0AD-4CBF-9AA0-2E405DBD8D2D}.Release|iPhoneSimulator.Build.0 = Release|Any CPU
		{0B19053D-B0AD-4CBF-9AA0-2E405DBD8D2D}.Release|iPhoneSimulator.Deploy.0 = Release|Any CPU
		{0B19053D-B0AD-4CBF-9AA0-2E405DBD8D2D}.Release|x64.ActiveCfg = Release|Any CPU
		{0B19053D-B0AD-4CBF-9AA0-2E405DBD8D2D}.Release|x64.Build.0 = Release|Any CPU
		{0B19053D-B0AD-4CBF-9AA0-2E405DBD8D2D}.Release|x64.Deploy.0 = Release|Any CPU
		{0B19053D-B0AD-4CBF-9AA0-2E405DBD8D2D}.Release|x86.ActiveCfg = Release|x86
		{0B19053D-B0AD-4CBF-9AA0-2E405DBD8D2D}.Release|x86.Build.0 = Release|x86
		{0B19053D-B0AD-4CBF-9AA0-2E405DBD8D2D}.Release|x86.Deploy.0 = Release|x86
		{2380D9E8-6C41-4FB9-9CDD-B674D962768B}.Ad-Hoc|Any CPU.ActiveCfg = Release|x86
		{2380D9E8-6C41-4FB9-9CDD-B674D962768B}.Ad-Hoc|Any CPU.Build.0 = Release|x86
		{2380D9E8-6C41-4FB9-9CDD-B674D962768B}.Ad-Hoc|Any CPU.Deploy.0 = Release|x86
		{2380D9E8-6C41-4FB9-9CDD-B674D962768B}.Ad-Hoc|ARM.ActiveCfg = Release|ARM
		{2380D9E8-6C41-4FB9-9CDD-B674D962768B}.Ad-Hoc|ARM.Build.0 = Release|ARM
		{2380D9E8-6C41-4FB9-9CDD-B674D962768B}.Ad-Hoc|ARM.Deploy.0 = Release|ARM
		{2380D9E8-6C41-4FB9-9CDD-B674D962768B}.Ad-Hoc|iPhone.ActiveCfg = Release|x86
		{2380D9E8-6C41-4FB9-9CDD-B674D962768B}.Ad-Hoc|iPhone.Build.0 = Release|x86
		{2380D9E8-6C41-4FB9-9CDD-B674D962768B}.Ad-Hoc|iPhone.Deploy.0 = Release|x86
		{2380D9E8-6C41-4FB9-9CDD-B674D962768B}.Ad-Hoc|iPhoneSimulator.ActiveCfg = Release|x86
		{2380D9E8-6C41-4FB9-9CDD-B674D962768B}.Ad-Hoc|iPhoneSimulator.Build.0 = Release|x86
		{2380D9E8-6C41-4FB9-9CDD-B674D962768B}.Ad-Hoc|iPhoneSimulator.Deploy.0 = Release|x86
		{2380D9E8-6C41-4FB9-9CDD-B674D962768B}.Ad-Hoc|x64.ActiveCfg = Release|x64
		{2380D9E8-6C41-4FB9-9CDD-B674D962768B}.Ad-Hoc|x64.Build.0 = Release|x64
		{2380D9E8-6C41-4FB9-9CDD-B674D962768B}.Ad-Hoc|x64.Deploy.0 = Release|x64
		{2380D9E8-6C41-4FB9-9CDD-B674D962768B}.Ad-Hoc|x86.ActiveCfg = Release|x86
		{2380D9E8-6C41-4FB9-9CDD-B674D962768B}.Ad-Hoc|x86.Build.0 = Release|x86
		{2380D9E8-6C41-4FB9-9CDD-B674D962768B}.Ad-Hoc|x86.Deploy.0 = Release|x86
		{2380D9E8-6C41-4FB9-9CDD-B674D962768B}.AppStore|Any CPU.ActiveCfg = Release|x86
		{2380D9E8-6C41-4FB9-9CDD-B674D962768B}.AppStore|Any CPU.Build.0 = Release|x86
		{2380D9E8-6C41-4FB9-9CDD-B674D962768B}.AppStore|Any CPU.Deploy.0 = Release|x86
		{2380D9E8-6C41-4FB9-9CDD-B674D962768B}.AppStore|ARM.ActiveCfg = Release|ARM
		{2380D9E8-6C41-4FB9-9CDD-B674D962768B}.AppStore|ARM.Build.0 = Release|ARM
		{2380D9E8-6C41-4FB9-9CDD-B674D962768B}.AppStore|ARM.Deploy.0 = Release|ARM
		{2380D9E8-6C41-4FB9-9CDD-B674D962768B}.AppStore|iPhone.ActiveCfg = Release|x86
		{2380D9E8-6C41-4FB9-9CDD-B674D962768B}.AppStore|iPhone.Build.0 = Release|x86
		{2380D9E8-6C41-4FB9-9CDD-B674D962768B}.AppStore|iPhone.Deploy.0 = Release|x86
		{2380D9E8-6C41-4FB9-9CDD-B674D962768B}.AppStore|iPhoneSimulator.ActiveCfg = Release|x86
		{2380D9E8-6C41-4FB9-9CDD-B674D962768B}.AppStore|iPhoneSimulator.Build.0 = Release|x86
		{2380D9E8-6C41-4FB9-9CDD-B674D962768B}.AppStore|iPhoneSimulator.Deploy.0 = Release|x86
		{2380D9E8-6C41-4FB9-9CDD-B674D962768B}.AppStore|x64.ActiveCfg = Release|x64
		{2380D9E8-6C41-4FB9-9CDD-B674D962768B}.AppStore|x64.Build.0 = Release|x64
		{2380D9E8-6C41-4FB9-9CDD-B674D962768B}.AppStore|x64.Deploy.0 = Release|x64
		{2380D9E8-6C41-4FB9-9CDD-B674D962768B}.AppStore|x86.ActiveCfg = Release|x86
		{2380D9E8-6C41-4FB9-9CDD-B674D962768B}.AppStore|x86.Build.0 = Release|x86
		{2380D9E8-6C41-4FB9-9CDD-B674D962768B}.AppStore|x86.Deploy.0 = Release|x86
		{2380D9E8-6C41-4FB9-9CDD-B674D962768B}.Debug|Any CPU.ActiveCfg = Debug|x86
		{2380D9E8-6C41-4FB9-9CDD-B674D962768B}.Debug|Any CPU.Deploy.0 = Debug|x86
		{2380D9E8-6C41-4FB9-9CDD-B674D962768B}.Debug|ARM.ActiveCfg = Debug|ARM
		{2380D9E8-6C41-4FB9-9CDD-B674D962768B}.Debug|ARM.Build.0 = Debug|ARM
		{2380D9E8-6C41-4FB9-9CDD-B674D962768B}.Debug|ARM.Deploy.0 = Debug|ARM
		{2380D9E8-6C41-4FB9-9CDD-B674D962768B}.Debug|iPhone.ActiveCfg = Debug|x86
		{2380D9E8-6C41-4FB9-9CDD-B674D962768B}.Debug|iPhoneSimulator.ActiveCfg = Debug|x86
		{2380D9E8-6C41-4FB9-9CDD-B674D962768B}.Debug|iPhoneSimulator.Build.0 = Debug|x86
		{2380D9E8-6C41-4FB9-9CDD-B674D962768B}.Debug|iPhoneSimulator.Deploy.0 = Debug|x86
		{2380D9E8-6C41-4FB9-9CDD-B674D962768B}.Debug|x64.ActiveCfg = Debug|x64
		{2380D9E8-6C41-4FB9-9CDD-B674D962768B}.Debug|x64.Build.0 = Debug|x64
		{2380D9E8-6C41-4FB9-9CDD-B674D962768B}.Debug|x64.Deploy.0 = Debug|x64
		{2380D9E8-6C41-4FB9-9CDD-B674D962768B}.Debug|x86.ActiveCfg = Debug|x86
		{2380D9E8-6C41-4FB9-9CDD-B674D962768B}.Debug|x86.Build.0 = Debug|x86
		{2380D9E8-6C41-4FB9-9CDD-B674D962768B}.Debug|x86.Deploy.0 = Debug|x86
		{2380D9E8-6C41-4FB9-9CDD-B674D962768B}.Release|Any CPU.ActiveCfg = Release|x86
		{2380D9E8-6C41-4FB9-9CDD-B674D962768B}.Release|ARM.ActiveCfg = Release|ARM
		{2380D9E8-6C41-4FB9-9CDD-B674D962768B}.Release|ARM.Build.0 = Release|ARM
		{2380D9E8-6C41-4FB9-9CDD-B674D962768B}.Release|ARM.Deploy.0 = Release|ARM
		{2380D9E8-6C41-4FB9-9CDD-B674D962768B}.Release|iPhone.ActiveCfg = Release|x86
		{2380D9E8-6C41-4FB9-9CDD-B674D962768B}.Release|iPhoneSimulator.ActiveCfg = Release|x86
		{2380D9E8-6C41-4FB9-9CDD-B674D962768B}.Release|x64.ActiveCfg = Release|x64
		{2380D9E8-6C41-4FB9-9CDD-B674D962768B}.Release|x64.Build.0 = Release|x64
		{2380D9E8-6C41-4FB9-9CDD-B674D962768B}.Release|x64.Deploy.0 = Release|x64
		{2380D9E8-6C41-4FB9-9CDD-B674D962768B}.Release|x86.ActiveCfg = Release|x86
		{2380D9E8-6C41-4FB9-9CDD-B674D962768B}.Release|x86.Build.0 = Release|x86
		{2380D9E8-6C41-4FB9-9CDD-B674D962768B}.Release|x86.Deploy.0 = Release|x86
		{602E95A1-6B6C-41D6-8953-D4B3ED20AFAB}.Ad-Hoc|Any CPU.ActiveCfg = Release|Any CPU
		{602E95A1-6B6C-41D6-8953-D4B3ED20AFAB}.Ad-Hoc|Any CPU.Build.0 = Release|Any CPU
		{602E95A1-6B6C-41D6-8953-D4B3ED20AFAB}.Ad-Hoc|Any CPU.Deploy.0 = Release|Any CPU
		{602E95A1-6B6C-41D6-8953-D4B3ED20AFAB}.Ad-Hoc|ARM.ActiveCfg = Release|ARM
		{602E95A1-6B6C-41D6-8953-D4B3ED20AFAB}.Ad-Hoc|ARM.Build.0 = Release|ARM
		{602E95A1-6B6C-41D6-8953-D4B3ED20AFAB}.Ad-Hoc|ARM.Deploy.0 = Release|ARM
		{602E95A1-6B6C-41D6-8953-D4B3ED20AFAB}.Ad-Hoc|iPhone.ActiveCfg = Release|Any CPU
		{602E95A1-6B6C-41D6-8953-D4B3ED20AFAB}.Ad-Hoc|iPhone.Build.0 = Release|Any CPU
		{602E95A1-6B6C-41D6-8953-D4B3ED20AFAB}.Ad-Hoc|iPhone.Deploy.0 = Release|Any CPU
		{602E95A1-6B6C-41D6-8953-D4B3ED20AFAB}.Ad-Hoc|iPhoneSimulator.ActiveCfg = Release|Any CPU
		{602E95A1-6B6C-41D6-8953-D4B3ED20AFAB}.Ad-Hoc|iPhoneSimulator.Build.0 = Release|Any CPU
		{602E95A1-6B6C-41D6-8953-D4B3ED20AFAB}.Ad-Hoc|iPhoneSimulator.Deploy.0 = Release|Any CPU
		{602E95A1-6B6C-41D6-8953-D4B3ED20AFAB}.Ad-Hoc|x64.ActiveCfg = Release|x64
		{602E95A1-6B6C-41D6-8953-D4B3ED20AFAB}.Ad-Hoc|x64.Build.0 = Release|x64
		{602E95A1-6B6C-41D6-8953-D4B3ED20AFAB}.Ad-Hoc|x64.Deploy.0 = Release|x64
		{602E95A1-6B6C-41D6-8953-D4B3ED20AFAB}.Ad-Hoc|x86.ActiveCfg = Release|x86
		{602E95A1-6B6C-41D6-8953-D4B3ED20AFAB}.Ad-Hoc|x86.Build.0 = Release|x86
		{602E95A1-6B6C-41D6-8953-D4B3ED20AFAB}.Ad-Hoc|x86.Deploy.0 = Release|x86
		{602E95A1-6B6C-41D6-8953-D4B3ED20AFAB}.AppStore|Any CPU.ActiveCfg = Release|Any CPU
		{602E95A1-6B6C-41D6-8953-D4B3ED20AFAB}.AppStore|Any CPU.Build.0 = Release|Any CPU
		{602E95A1-6B6C-41D6-8953-D4B3ED20AFAB}.AppStore|Any CPU.Deploy.0 = Release|Any CPU
		{602E95A1-6B6C-41D6-8953-D4B3ED20AFAB}.AppStore|ARM.ActiveCfg = Release|ARM
		{602E95A1-6B6C-41D6-8953-D4B3ED20AFAB}.AppStore|ARM.Build.0 = Release|ARM
		{602E95A1-6B6C-41D6-8953-D4B3ED20AFAB}.AppStore|ARM.Deploy.0 = Release|ARM
		{602E95A1-6B6C-41D6-8953-D4B3ED20AFAB}.AppStore|iPhone.ActiveCfg = Release|Any CPU
		{602E95A1-6B6C-41D6-8953-D4B3ED20AFAB}.AppStore|iPhone.Build.0 = Release|Any CPU
		{602E95A1-6B6C-41D6-8953-D4B3ED20AFAB}.AppStore|iPhone.Deploy.0 = Release|Any CPU
		{602E95A1-6B6C-41D6-8953-D4B3ED20AFAB}.AppStore|iPhoneSimulator.ActiveCfg = Release|Any CPU
		{602E95A1-6B6C-41D6-8953-D4B3ED20AFAB}.AppStore|iPhoneSimulator.Build.0 = Release|Any CPU
		{602E95A1-6B6C-41D6-8953-D4B3ED20AFAB}.AppStore|iPhoneSimulator.Deploy.0 = Release|Any CPU
		{602E95A1-6B6C-41D6-8953-D4B3ED20AFAB}.AppStore|x64.ActiveCfg = Release|x64
		{602E95A1-6B6C-41D6-8953-D4B3ED20AFAB}.AppStore|x64.Build.0 = Release|x64
		{602E95A1-6B6C-41D6-8953-D4B3ED20AFAB}.AppStore|x64.Deploy.0 = Release|x64
		{602E95A1-6B6C-41D6-8953-D4B3ED20AFAB}.AppStore|x86.ActiveCfg = Release|x86
		{602E95A1-6B6C-41D6-8953-D4B3ED20AFAB}.AppStore|x86.Build.0 = Release|x86
		{602E95A1-6B6C-41D6-8953-D4B3ED20AFAB}.AppStore|x86.Deploy.0 = Release|x86
		{602E95A1-6B6C-41D6-8953-D4B3ED20AFAB}.Debug|Any CPU.ActiveCfg = Debug|Any CPU
		{602E95A1-6B6C-41D6-8953-D4B3ED20AFAB}.Debug|Any CPU.Build.0 = Debug|Any CPU
		{602E95A1-6B6C-41D6-8953-D4B3ED20AFAB}.Debug|Any CPU.Deploy.0 = Debug|Any CPU
		{602E95A1-6B6C-41D6-8953-D4B3ED20AFAB}.Debug|ARM.ActiveCfg = Debug|ARM
		{602E95A1-6B6C-41D6-8953-D4B3ED20AFAB}.Debug|ARM.Build.0 = Debug|ARM
		{602E95A1-6B6C-41D6-8953-D4B3ED20AFAB}.Debug|ARM.Deploy.0 = Debug|ARM
		{602E95A1-6B6C-41D6-8953-D4B3ED20AFAB}.Debug|iPhone.ActiveCfg = Debug|Any CPU
		{602E95A1-6B6C-41D6-8953-D4B3ED20AFAB}.Debug|iPhone.Build.0 = Debug|Any CPU
		{602E95A1-6B6C-41D6-8953-D4B3ED20AFAB}.Debug|iPhone.Deploy.0 = Debug|Any CPU
		{602E95A1-6B6C-41D6-8953-D4B3ED20AFAB}.Debug|iPhoneSimulator.ActiveCfg = Debug|Any CPU
		{602E95A1-6B6C-41D6-8953-D4B3ED20AFAB}.Debug|iPhoneSimulator.Build.0 = Debug|Any CPU
		{602E95A1-6B6C-41D6-8953-D4B3ED20AFAB}.Debug|iPhoneSimulator.Deploy.0 = Debug|Any CPU
		{602E95A1-6B6C-41D6-8953-D4B3ED20AFAB}.Debug|x64.ActiveCfg = Debug|x64
		{602E95A1-6B6C-41D6-8953-D4B3ED20AFAB}.Debug|x64.Build.0 = Debug|x64
		{602E95A1-6B6C-41D6-8953-D4B3ED20AFAB}.Debug|x64.Deploy.0 = Debug|x64
		{602E95A1-6B6C-41D6-8953-D4B3ED20AFAB}.Debug|x86.ActiveCfg = Debug|x86
		{602E95A1-6B6C-41D6-8953-D4B3ED20AFAB}.Debug|x86.Build.0 = Debug|x86
		{602E95A1-6B6C-41D6-8953-D4B3ED20AFAB}.Debug|x86.Deploy.0 = Debug|x86
		{602E95A1-6B6C-41D6-8953-D4B3ED20AFAB}.Release|Any CPU.ActiveCfg = Release|Any CPU
		{602E95A1-6B6C-41D6-8953-D4B3ED20AFAB}.Release|Any CPU.Build.0 = Release|Any CPU
		{602E95A1-6B6C-41D6-8953-D4B3ED20AFAB}.Release|Any CPU.Deploy.0 = Release|Any CPU
		{602E95A1-6B6C-41D6-8953-D4B3ED20AFAB}.Release|ARM.ActiveCfg = Release|ARM
		{602E95A1-6B6C-41D6-8953-D4B3ED20AFAB}.Release|ARM.Build.0 = Release|ARM
		{602E95A1-6B6C-41D6-8953-D4B3ED20AFAB}.Release|ARM.Deploy.0 = Release|ARM
		{602E95A1-6B6C-41D6-8953-D4B3ED20AFAB}.Release|iPhone.ActiveCfg = Release|Any CPU
		{602E95A1-6B6C-41D6-8953-D4B3ED20AFAB}.Release|iPhone.Build.0 = Release|Any CPU
		{602E95A1-6B6C-41D6-8953-D4B3ED20AFAB}.Release|iPhone.Deploy.0 = Release|Any CPU
		{602E95A1-6B6C-41D6-8953-D4B3ED20AFAB}.Release|iPhoneSimulator.ActiveCfg = Release|Any CPU
		{602E95A1-6B6C-41D6-8953-D4B3ED20AFAB}.Release|iPhoneSimulator.Build.0 = Release|Any CPU
		{602E95A1-6B6C-41D6-8953-D4B3ED20AFAB}.Release|iPhoneSimulator.Deploy.0 = Release|Any CPU
		{602E95A1-6B6C-41D6-8953-D4B3ED20AFAB}.Release|x64.ActiveCfg = Release|x64
		{602E95A1-6B6C-41D6-8953-D4B3ED20AFAB}.Release|x64.Build.0 = Release|x64
		{602E95A1-6B6C-41D6-8953-D4B3ED20AFAB}.Release|x64.Deploy.0 = Release|x64
		{602E95A1-6B6C-41D6-8953-D4B3ED20AFAB}.Release|x86.ActiveCfg = Release|x86
		{602E95A1-6B6C-41D6-8953-D4B3ED20AFAB}.Release|x86.Build.0 = Release|x86
		{602E95A1-6B6C-41D6-8953-D4B3ED20AFAB}.Release|x86.Deploy.0 = Release|x86
		{51297B77-361E-4ADA-B6EC-DCFFF943EC4A}.Ad-Hoc|Any CPU.ActiveCfg = Release|iPhone
		{51297B77-361E-4ADA-B6EC-DCFFF943EC4A}.Ad-Hoc|Any CPU.Build.0 = Release|iPhone
		{51297B77-361E-4ADA-B6EC-DCFFF943EC4A}.Ad-Hoc|ARM.ActiveCfg = Release|iPhone
		{51297B77-361E-4ADA-B6EC-DCFFF943EC4A}.Ad-Hoc|ARM.Build.0 = Release|iPhone
		{51297B77-361E-4ADA-B6EC-DCFFF943EC4A}.Ad-Hoc|iPhone.ActiveCfg = Release|iPhone
		{51297B77-361E-4ADA-B6EC-DCFFF943EC4A}.Ad-Hoc|iPhone.Build.0 = Release|iPhone
		{51297B77-361E-4ADA-B6EC-DCFFF943EC4A}.Ad-Hoc|iPhoneSimulator.ActiveCfg = Release|iPhoneSimulator
		{51297B77-361E-4ADA-B6EC-DCFFF943EC4A}.Ad-Hoc|iPhoneSimulator.Build.0 = Release|iPhoneSimulator
		{51297B77-361E-4ADA-B6EC-DCFFF943EC4A}.Ad-Hoc|x64.ActiveCfg = Release|iPhone
		{51297B77-361E-4ADA-B6EC-DCFFF943EC4A}.Ad-Hoc|x64.Build.0 = Release|iPhone
		{51297B77-361E-4ADA-B6EC-DCFFF943EC4A}.Ad-Hoc|x86.ActiveCfg = Release|iPhone
		{51297B77-361E-4ADA-B6EC-DCFFF943EC4A}.Ad-Hoc|x86.Build.0 = Release|iPhone
		{51297B77-361E-4ADA-B6EC-DCFFF943EC4A}.AppStore|Any CPU.ActiveCfg = Release|iPhone
		{51297B77-361E-4ADA-B6EC-DCFFF943EC4A}.AppStore|Any CPU.Build.0 = Release|iPhone
		{51297B77-361E-4ADA-B6EC-DCFFF943EC4A}.AppStore|ARM.ActiveCfg = Release|iPhone
		{51297B77-361E-4ADA-B6EC-DCFFF943EC4A}.AppStore|ARM.Build.0 = Release|iPhone
		{51297B77-361E-4ADA-B6EC-DCFFF943EC4A}.AppStore|iPhone.ActiveCfg = Release|iPhone
		{51297B77-361E-4ADA-B6EC-DCFFF943EC4A}.AppStore|iPhone.Build.0 = Release|iPhone
		{51297B77-361E-4ADA-B6EC-DCFFF943EC4A}.AppStore|iPhoneSimulator.ActiveCfg = Release|iPhoneSimulator
		{51297B77-361E-4ADA-B6EC-DCFFF943EC4A}.AppStore|iPhoneSimulator.Build.0 = Release|iPhoneSimulator
		{51297B77-361E-4ADA-B6EC-DCFFF943EC4A}.AppStore|x64.ActiveCfg = Release|iPhone
		{51297B77-361E-4ADA-B6EC-DCFFF943EC4A}.AppStore|x64.Build.0 = Release|iPhone
		{51297B77-361E-4ADA-B6EC-DCFFF943EC4A}.AppStore|x86.ActiveCfg = Release|iPhone
		{51297B77-361E-4ADA-B6EC-DCFFF943EC4A}.AppStore|x86.Build.0 = Release|iPhone
		{51297B77-361E-4ADA-B6EC-DCFFF943EC4A}.Debug|Any CPU.ActiveCfg = Debug|iPhone
		{51297B77-361E-4ADA-B6EC-DCFFF943EC4A}.Debug|ARM.ActiveCfg = Debug|iPhone
		{51297B77-361E-4ADA-B6EC-DCFFF943EC4A}.Debug|iPhone.ActiveCfg = Debug|iPhone
		{51297B77-361E-4ADA-B6EC-DCFFF943EC4A}.Debug|iPhone.Build.0 = Debug|iPhone
		{51297B77-361E-4ADA-B6EC-DCFFF943EC4A}.Debug|iPhoneSimulator.ActiveCfg = Debug|iPhoneSimulator
		{51297B77-361E-4ADA-B6EC-DCFFF943EC4A}.Debug|iPhoneSimulator.Build.0 = Debug|iPhoneSimulator
		{51297B77-361E-4ADA-B6EC-DCFFF943EC4A}.Debug|x64.ActiveCfg = Debug|iPhone
		{51297B77-361E-4ADA-B6EC-DCFFF943EC4A}.Debug|x86.ActiveCfg = Debug|iPhone
		{51297B77-361E-4ADA-B6EC-DCFFF943EC4A}.Release|Any CPU.ActiveCfg = Release|iPhone
		{51297B77-361E-4ADA-B6EC-DCFFF943EC4A}.Release|ARM.ActiveCfg = Release|iPhone
		{51297B77-361E-4ADA-B6EC-DCFFF943EC4A}.Release|iPhone.ActiveCfg = Release|iPhone
		{51297B77-361E-4ADA-B6EC-DCFFF943EC4A}.Release|iPhone.Build.0 = Release|iPhone
		{51297B77-361E-4ADA-B6EC-DCFFF943EC4A}.Release|iPhoneSimulator.ActiveCfg = Release|iPhoneSimulator
		{51297B77-361E-4ADA-B6EC-DCFFF943EC4A}.Release|iPhoneSimulator.Build.0 = Release|iPhoneSimulator
		{51297B77-361E-4ADA-B6EC-DCFFF943EC4A}.Release|x64.ActiveCfg = Release|iPhone
		{51297B77-361E-4ADA-B6EC-DCFFF943EC4A}.Release|x86.ActiveCfg = Release|iPhone
		{51297B77-361E-4ADA-B6EC-DCFFF943EC4A}.Debug|Any CPU.Build.0 = Debug|iPhone
		{9F7CD64E-A646-4303-869F-81A1F55422A5}.Ad-Hoc|Any CPU.ActiveCfg = Release|Any CPU
		{9F7CD64E-A646-4303-869F-81A1F55422A5}.Ad-Hoc|Any CPU.Build.0 = Release|Any CPU
		{9F7CD64E-A646-4303-869F-81A1F55422A5}.Ad-Hoc|Any CPU.Deploy.0 = Release|Any CPU
		{9F7CD64E-A646-4303-869F-81A1F55422A5}.Ad-Hoc|ARM.ActiveCfg = Release|ARM
		{9F7CD64E-A646-4303-869F-81A1F55422A5}.Ad-Hoc|ARM.Build.0 = Release|ARM
		{9F7CD64E-A646-4303-869F-81A1F55422A5}.Ad-Hoc|ARM.Deploy.0 = Release|ARM
		{9F7CD64E-A646-4303-869F-81A1F55422A5}.Ad-Hoc|iPhone.ActiveCfg = Release|Any CPU
		{9F7CD64E-A646-4303-869F-81A1F55422A5}.Ad-Hoc|iPhone.Build.0 = Release|Any CPU
		{9F7CD64E-A646-4303-869F-81A1F55422A5}.Ad-Hoc|iPhone.Deploy.0 = Release|Any CPU
		{9F7CD64E-A646-4303-869F-81A1F55422A5}.Ad-Hoc|iPhoneSimulator.ActiveCfg = Release|Any CPU
		{9F7CD64E-A646-4303-869F-81A1F55422A5}.Ad-Hoc|iPhoneSimulator.Build.0 = Release|Any CPU
		{9F7CD64E-A646-4303-869F-81A1F55422A5}.Ad-Hoc|iPhoneSimulator.Deploy.0 = Release|Any CPU
		{9F7CD64E-A646-4303-869F-81A1F55422A5}.Ad-Hoc|x64.ActiveCfg = Release|Any CPU
		{9F7CD64E-A646-4303-869F-81A1F55422A5}.Ad-Hoc|x64.Build.0 = Release|Any CPU
		{9F7CD64E-A646-4303-869F-81A1F55422A5}.Ad-Hoc|x64.Deploy.0 = Release|Any CPU
		{9F7CD64E-A646-4303-869F-81A1F55422A5}.Ad-Hoc|x86.ActiveCfg = Release|x86
		{9F7CD64E-A646-4303-869F-81A1F55422A5}.Ad-Hoc|x86.Build.0 = Release|x86
		{9F7CD64E-A646-4303-869F-81A1F55422A5}.Ad-Hoc|x86.Deploy.0 = Release|x86
		{9F7CD64E-A646-4303-869F-81A1F55422A5}.AppStore|Any CPU.ActiveCfg = Release|Any CPU
		{9F7CD64E-A646-4303-869F-81A1F55422A5}.AppStore|Any CPU.Build.0 = Release|Any CPU
		{9F7CD64E-A646-4303-869F-81A1F55422A5}.AppStore|Any CPU.Deploy.0 = Release|Any CPU
		{9F7CD64E-A646-4303-869F-81A1F55422A5}.AppStore|ARM.ActiveCfg = Release|ARM
		{9F7CD64E-A646-4303-869F-81A1F55422A5}.AppStore|ARM.Build.0 = Release|ARM
		{9F7CD64E-A646-4303-869F-81A1F55422A5}.AppStore|ARM.Deploy.0 = Release|ARM
		{9F7CD64E-A646-4303-869F-81A1F55422A5}.AppStore|iPhone.ActiveCfg = Release|Any CPU
		{9F7CD64E-A646-4303-869F-81A1F55422A5}.AppStore|iPhone.Build.0 = Release|Any CPU
		{9F7CD64E-A646-4303-869F-81A1F55422A5}.AppStore|iPhone.Deploy.0 = Release|Any CPU
		{9F7CD64E-A646-4303-869F-81A1F55422A5}.AppStore|iPhoneSimulator.ActiveCfg = Release|Any CPU
		{9F7CD64E-A646-4303-869F-81A1F55422A5}.AppStore|iPhoneSimulator.Build.0 = Release|Any CPU
		{9F7CD64E-A646-4303-869F-81A1F55422A5}.AppStore|iPhoneSimulator.Deploy.0 = Release|Any CPU
		{9F7CD64E-A646-4303-869F-81A1F55422A5}.AppStore|x64.ActiveCfg = Release|Any CPU
		{9F7CD64E-A646-4303-869F-81A1F55422A5}.AppStore|x64.Build.0 = Release|Any CPU
		{9F7CD64E-A646-4303-869F-81A1F55422A5}.AppStore|x64.Deploy.0 = Release|Any CPU
		{9F7CD64E-A646-4303-869F-81A1F55422A5}.AppStore|x86.ActiveCfg = Release|x86
		{9F7CD64E-A646-4303-869F-81A1F55422A5}.AppStore|x86.Build.0 = Release|x86
		{9F7CD64E-A646-4303-869F-81A1F55422A5}.AppStore|x86.Deploy.0 = Release|x86
		{9F7CD64E-A646-4303-869F-81A1F55422A5}.Debug|Any CPU.ActiveCfg = Debug|Any CPU
		{9F7CD64E-A646-4303-869F-81A1F55422A5}.Debug|Any CPU.Build.0 = Debug|Any CPU
		{9F7CD64E-A646-4303-869F-81A1F55422A5}.Debug|Any CPU.Deploy.0 = Debug|Any CPU
		{9F7CD64E-A646-4303-869F-81A1F55422A5}.Debug|ARM.ActiveCfg = Debug|ARM
		{9F7CD64E-A646-4303-869F-81A1F55422A5}.Debug|ARM.Build.0 = Debug|ARM
		{9F7CD64E-A646-4303-869F-81A1F55422A5}.Debug|ARM.Deploy.0 = Debug|ARM
		{9F7CD64E-A646-4303-869F-81A1F55422A5}.Debug|iPhone.ActiveCfg = Debug|Any CPU
		{9F7CD64E-A646-4303-869F-81A1F55422A5}.Debug|iPhone.Build.0 = Debug|Any CPU
		{9F7CD64E-A646-4303-869F-81A1F55422A5}.Debug|iPhone.Deploy.0 = Debug|Any CPU
		{9F7CD64E-A646-4303-869F-81A1F55422A5}.Debug|iPhoneSimulator.ActiveCfg = Debug|Any CPU
		{9F7CD64E-A646-4303-869F-81A1F55422A5}.Debug|iPhoneSimulator.Build.0 = Debug|Any CPU
		{9F7CD64E-A646-4303-869F-81A1F55422A5}.Debug|iPhoneSimulator.Deploy.0 = Debug|Any CPU
		{9F7CD64E-A646-4303-869F-81A1F55422A5}.Debug|x64.ActiveCfg = Debug|Any CPU
		{9F7CD64E-A646-4303-869F-81A1F55422A5}.Debug|x64.Build.0 = Debug|Any CPU
		{9F7CD64E-A646-4303-869F-81A1F55422A5}.Debug|x64.Deploy.0 = Debug|Any CPU
		{9F7CD64E-A646-4303-869F-81A1F55422A5}.Debug|x86.ActiveCfg = Debug|x86
		{9F7CD64E-A646-4303-869F-81A1F55422A5}.Debug|x86.Build.0 = Debug|x86
		{9F7CD64E-A646-4303-869F-81A1F55422A5}.Debug|x86.Deploy.0 = Debug|x86
		{9F7CD64E-A646-4303-869F-81A1F55422A5}.Release|Any CPU.ActiveCfg = Release|Any CPU
		{9F7CD64E-A646-4303-869F-81A1F55422A5}.Release|Any CPU.Build.0 = Release|Any CPU
		{9F7CD64E-A646-4303-869F-81A1F55422A5}.Release|Any CPU.Deploy.0 = Release|Any CPU
		{9F7CD64E-A646-4303-869F-81A1F55422A5}.Release|ARM.ActiveCfg = Release|ARM
		{9F7CD64E-A646-4303-869F-81A1F55422A5}.Release|ARM.Build.0 = Release|ARM
		{9F7CD64E-A646-4303-869F-81A1F55422A5}.Release|ARM.Deploy.0 = Release|ARM
		{9F7CD64E-A646-4303-869F-81A1F55422A5}.Release|iPhone.ActiveCfg = Release|Any CPU
		{9F7CD64E-A646-4303-869F-81A1F55422A5}.Release|iPhone.Build.0 = Release|Any CPU
		{9F7CD64E-A646-4303-869F-81A1F55422A5}.Release|iPhone.Deploy.0 = Release|Any CPU
		{9F7CD64E-A646-4303-869F-81A1F55422A5}.Release|iPhoneSimulator.ActiveCfg = Release|Any CPU
		{9F7CD64E-A646-4303-869F-81A1F55422A5}.Release|iPhoneSimulator.Build.0 = Release|Any CPU
		{9F7CD64E-A646-4303-869F-81A1F55422A5}.Release|iPhoneSimulator.Deploy.0 = Release|Any CPU
		{9F7CD64E-A646-4303-869F-81A1F55422A5}.Release|x64.ActiveCfg = Release|Any CPU
		{9F7CD64E-A646-4303-869F-81A1F55422A5}.Release|x64.Build.0 = Release|Any CPU
		{9F7CD64E-A646-4303-869F-81A1F55422A5}.Release|x64.Deploy.0 = Release|Any CPU
		{9F7CD64E-A646-4303-869F-81A1F55422A5}.Release|x86.ActiveCfg = Release|x86
		{9F7CD64E-A646-4303-869F-81A1F55422A5}.Release|x86.Build.0 = Release|x86
		{9F7CD64E-A646-4303-869F-81A1F55422A5}.Release|x86.Deploy.0 = Release|x86
		{EB71DDB2-3F8B-41EE-8C6F-DE18357A5047}.Ad-Hoc|Any CPU.ActiveCfg = Release|Any CPU
		{EB71DDB2-3F8B-41EE-8C6F-DE18357A5047}.Ad-Hoc|Any CPU.Build.0 = Release|Any CPU
		{EB71DDB2-3F8B-41EE-8C6F-DE18357A5047}.Ad-Hoc|ARM.ActiveCfg = Release|Any CPU
		{EB71DDB2-3F8B-41EE-8C6F-DE18357A5047}.Ad-Hoc|ARM.Build.0 = Release|Any CPU
		{EB71DDB2-3F8B-41EE-8C6F-DE18357A5047}.Ad-Hoc|iPhone.ActiveCfg = Release|Any CPU
		{EB71DDB2-3F8B-41EE-8C6F-DE18357A5047}.Ad-Hoc|iPhone.Build.0 = Release|Any CPU
		{EB71DDB2-3F8B-41EE-8C6F-DE18357A5047}.Ad-Hoc|iPhoneSimulator.ActiveCfg = Release|Any CPU
		{EB71DDB2-3F8B-41EE-8C6F-DE18357A5047}.Ad-Hoc|iPhoneSimulator.Build.0 = Release|Any CPU
		{EB71DDB2-3F8B-41EE-8C6F-DE18357A5047}.Ad-Hoc|x64.ActiveCfg = Release|Any CPU
		{EB71DDB2-3F8B-41EE-8C6F-DE18357A5047}.Ad-Hoc|x64.Build.0 = Release|Any CPU
		{EB71DDB2-3F8B-41EE-8C6F-DE18357A5047}.Ad-Hoc|x86.ActiveCfg = Release|Any CPU
		{EB71DDB2-3F8B-41EE-8C6F-DE18357A5047}.Ad-Hoc|x86.Build.0 = Release|Any CPU
		{EB71DDB2-3F8B-41EE-8C6F-DE18357A5047}.AppStore|Any CPU.ActiveCfg = Release|Any CPU
		{EB71DDB2-3F8B-41EE-8C6F-DE18357A5047}.AppStore|Any CPU.Build.0 = Release|Any CPU
		{EB71DDB2-3F8B-41EE-8C6F-DE18357A5047}.AppStore|ARM.ActiveCfg = Release|Any CPU
		{EB71DDB2-3F8B-41EE-8C6F-DE18357A5047}.AppStore|ARM.Build.0 = Release|Any CPU
		{EB71DDB2-3F8B-41EE-8C6F-DE18357A5047}.AppStore|iPhone.ActiveCfg = Release|Any CPU
		{EB71DDB2-3F8B-41EE-8C6F-DE18357A5047}.AppStore|iPhone.Build.0 = Release|Any CPU
		{EB71DDB2-3F8B-41EE-8C6F-DE18357A5047}.AppStore|iPhoneSimulator.ActiveCfg = Release|Any CPU
		{EB71DDB2-3F8B-41EE-8C6F-DE18357A5047}.AppStore|iPhoneSimulator.Build.0 = Release|Any CPU
		{EB71DDB2-3F8B-41EE-8C6F-DE18357A5047}.AppStore|x64.ActiveCfg = Release|Any CPU
		{EB71DDB2-3F8B-41EE-8C6F-DE18357A5047}.AppStore|x64.Build.0 = Release|Any CPU
		{EB71DDB2-3F8B-41EE-8C6F-DE18357A5047}.AppStore|x86.ActiveCfg = Release|Any CPU
		{EB71DDB2-3F8B-41EE-8C6F-DE18357A5047}.AppStore|x86.Build.0 = Release|Any CPU
		{EB71DDB2-3F8B-41EE-8C6F-DE18357A5047}.Debug|Any CPU.ActiveCfg = Debug|Any CPU
		{EB71DDB2-3F8B-41EE-8C6F-DE18357A5047}.Debug|Any CPU.Build.0 = Debug|Any CPU
		{EB71DDB2-3F8B-41EE-8C6F-DE18357A5047}.Debug|ARM.ActiveCfg = Debug|Any CPU
		{EB71DDB2-3F8B-41EE-8C6F-DE18357A5047}.Debug|ARM.Build.0 = Debug|Any CPU
		{EB71DDB2-3F8B-41EE-8C6F-DE18357A5047}.Debug|iPhone.ActiveCfg = Debug|Any CPU
		{EB71DDB2-3F8B-41EE-8C6F-DE18357A5047}.Debug|iPhone.Build.0 = Debug|Any CPU
		{EB71DDB2-3F8B-41EE-8C6F-DE18357A5047}.Debug|iPhoneSimulator.ActiveCfg = Debug|Any CPU
		{EB71DDB2-3F8B-41EE-8C6F-DE18357A5047}.Debug|iPhoneSimulator.Build.0 = Debug|Any CPU
		{EB71DDB2-3F8B-41EE-8C6F-DE18357A5047}.Debug|x64.ActiveCfg = Debug|Any CPU
		{EB71DDB2-3F8B-41EE-8C6F-DE18357A5047}.Debug|x64.Build.0 = Debug|Any CPU
		{EB71DDB2-3F8B-41EE-8C6F-DE18357A5047}.Debug|x86.ActiveCfg = Debug|Any CPU
		{EB71DDB2-3F8B-41EE-8C6F-DE18357A5047}.Debug|x86.Build.0 = Debug|Any CPU
		{EB71DDB2-3F8B-41EE-8C6F-DE18357A5047}.Release|Any CPU.ActiveCfg = Release|Any CPU
		{EB71DDB2-3F8B-41EE-8C6F-DE18357A5047}.Release|Any CPU.Build.0 = Release|Any CPU
		{EB71DDB2-3F8B-41EE-8C6F-DE18357A5047}.Release|ARM.ActiveCfg = Release|Any CPU
		{EB71DDB2-3F8B-41EE-8C6F-DE18357A5047}.Release|ARM.Build.0 = Release|Any CPU
		{EB71DDB2-3F8B-41EE-8C6F-DE18357A5047}.Release|iPhone.ActiveCfg = Release|Any CPU
		{EB71DDB2-3F8B-41EE-8C6F-DE18357A5047}.Release|iPhone.Build.0 = Release|Any CPU
		{EB71DDB2-3F8B-41EE-8C6F-DE18357A5047}.Release|iPhoneSimulator.ActiveCfg = Release|Any CPU
		{EB71DDB2-3F8B-41EE-8C6F-DE18357A5047}.Release|iPhoneSimulator.Build.0 = Release|Any CPU
		{EB71DDB2-3F8B-41EE-8C6F-DE18357A5047}.Release|x64.ActiveCfg = Release|Any CPU
		{EB71DDB2-3F8B-41EE-8C6F-DE18357A5047}.Release|x64.Build.0 = Release|Any CPU
		{EB71DDB2-3F8B-41EE-8C6F-DE18357A5047}.Release|x86.ActiveCfg = Release|Any CPU
		{EB71DDB2-3F8B-41EE-8C6F-DE18357A5047}.Release|x86.Build.0 = Release|Any CPU
		{0F9DE0A2-102C-41BE-8B14-E018E4FD8D98}.Ad-Hoc|Any CPU.ActiveCfg = Debug|Any CPU
		{0F9DE0A2-102C-41BE-8B14-E018E4FD8D98}.Ad-Hoc|Any CPU.Build.0 = Debug|Any CPU
		{0F9DE0A2-102C-41BE-8B14-E018E4FD8D98}.Ad-Hoc|ARM.ActiveCfg = Debug|Any CPU
		{0F9DE0A2-102C-41BE-8B14-E018E4FD8D98}.Ad-Hoc|ARM.Build.0 = Debug|Any CPU
		{0F9DE0A2-102C-41BE-8B14-E018E4FD8D98}.Ad-Hoc|iPhone.ActiveCfg = Debug|Any CPU
		{0F9DE0A2-102C-41BE-8B14-E018E4FD8D98}.Ad-Hoc|iPhone.Build.0 = Debug|Any CPU
		{0F9DE0A2-102C-41BE-8B14-E018E4FD8D98}.Ad-Hoc|iPhoneSimulator.ActiveCfg = Debug|Any CPU
		{0F9DE0A2-102C-41BE-8B14-E018E4FD8D98}.Ad-Hoc|iPhoneSimulator.Build.0 = Debug|Any CPU
		{0F9DE0A2-102C-41BE-8B14-E018E4FD8D98}.Ad-Hoc|x64.ActiveCfg = Debug|Any CPU
		{0F9DE0A2-102C-41BE-8B14-E018E4FD8D98}.Ad-Hoc|x64.Build.0 = Debug|Any CPU
		{0F9DE0A2-102C-41BE-8B14-E018E4FD8D98}.Ad-Hoc|x86.ActiveCfg = Debug|Any CPU
		{0F9DE0A2-102C-41BE-8B14-E018E4FD8D98}.Ad-Hoc|x86.Build.0 = Debug|Any CPU
		{0F9DE0A2-102C-41BE-8B14-E018E4FD8D98}.AppStore|Any CPU.ActiveCfg = Debug|Any CPU
		{0F9DE0A2-102C-41BE-8B14-E018E4FD8D98}.AppStore|Any CPU.Build.0 = Debug|Any CPU
		{0F9DE0A2-102C-41BE-8B14-E018E4FD8D98}.AppStore|ARM.ActiveCfg = Debug|Any CPU
		{0F9DE0A2-102C-41BE-8B14-E018E4FD8D98}.AppStore|ARM.Build.0 = Debug|Any CPU
		{0F9DE0A2-102C-41BE-8B14-E018E4FD8D98}.AppStore|iPhone.ActiveCfg = Debug|Any CPU
		{0F9DE0A2-102C-41BE-8B14-E018E4FD8D98}.AppStore|iPhone.Build.0 = Debug|Any CPU
		{0F9DE0A2-102C-41BE-8B14-E018E4FD8D98}.AppStore|iPhoneSimulator.ActiveCfg = Debug|Any CPU
		{0F9DE0A2-102C-41BE-8B14-E018E4FD8D98}.AppStore|iPhoneSimulator.Build.0 = Debug|Any CPU
		{0F9DE0A2-102C-41BE-8B14-E018E4FD8D98}.AppStore|x64.ActiveCfg = Debug|Any CPU
		{0F9DE0A2-102C-41BE-8B14-E018E4FD8D98}.AppStore|x64.Build.0 = Debug|Any CPU
		{0F9DE0A2-102C-41BE-8B14-E018E4FD8D98}.AppStore|x86.ActiveCfg = Debug|Any CPU
		{0F9DE0A2-102C-41BE-8B14-E018E4FD8D98}.AppStore|x86.Build.0 = Debug|Any CPU
		{0F9DE0A2-102C-41BE-8B14-E018E4FD8D98}.Debug|Any CPU.ActiveCfg = Debug|Any CPU
		{0F9DE0A2-102C-41BE-8B14-E018E4FD8D98}.Debug|Any CPU.Build.0 = Debug|Any CPU
		{0F9DE0A2-102C-41BE-8B14-E018E4FD8D98}.Debug|ARM.ActiveCfg = Debug|Any CPU
		{0F9DE0A2-102C-41BE-8B14-E018E4FD8D98}.Debug|ARM.Build.0 = Debug|Any CPU
		{0F9DE0A2-102C-41BE-8B14-E018E4FD8D98}.Debug|iPhone.ActiveCfg = Debug|Any CPU
		{0F9DE0A2-102C-41BE-8B14-E018E4FD8D98}.Debug|iPhone.Build.0 = Debug|Any CPU
		{0F9DE0A2-102C-41BE-8B14-E018E4FD8D98}.Debug|iPhoneSimulator.ActiveCfg = Debug|Any CPU
		{0F9DE0A2-102C-41BE-8B14-E018E4FD8D98}.Debug|iPhoneSimulator.Build.0 = Debug|Any CPU
		{0F9DE0A2-102C-41BE-8B14-E018E4FD8D98}.Debug|x64.ActiveCfg = Debug|Any CPU
		{0F9DE0A2-102C-41BE-8B14-E018E4FD8D98}.Debug|x64.Build.0 = Debug|Any CPU
		{0F9DE0A2-102C-41BE-8B14-E018E4FD8D98}.Debug|x86.ActiveCfg = Debug|Any CPU
		{0F9DE0A2-102C-41BE-8B14-E018E4FD8D98}.Debug|x86.Build.0 = Debug|Any CPU
		{0F9DE0A2-102C-41BE-8B14-E018E4FD8D98}.Release|Any CPU.ActiveCfg = Release|Any CPU
		{0F9DE0A2-102C-41BE-8B14-E018E4FD8D98}.Release|Any CPU.Build.0 = Release|Any CPU
		{0F9DE0A2-102C-41BE-8B14-E018E4FD8D98}.Release|ARM.ActiveCfg = Release|Any CPU
		{0F9DE0A2-102C-41BE-8B14-E018E4FD8D98}.Release|ARM.Build.0 = Release|Any CPU
		{0F9DE0A2-102C-41BE-8B14-E018E4FD8D98}.Release|iPhone.ActiveCfg = Release|Any CPU
		{0F9DE0A2-102C-41BE-8B14-E018E4FD8D98}.Release|iPhone.Build.0 = Release|Any CPU
		{0F9DE0A2-102C-41BE-8B14-E018E4FD8D98}.Release|iPhoneSimulator.ActiveCfg = Release|Any CPU
		{0F9DE0A2-102C-41BE-8B14-E018E4FD8D98}.Release|iPhoneSimulator.Build.0 = Release|Any CPU
		{0F9DE0A2-102C-41BE-8B14-E018E4FD8D98}.Release|x64.ActiveCfg = Release|Any CPU
		{0F9DE0A2-102C-41BE-8B14-E018E4FD8D98}.Release|x64.Build.0 = Release|Any CPU
		{0F9DE0A2-102C-41BE-8B14-E018E4FD8D98}.Release|x86.ActiveCfg = Release|Any CPU
		{0F9DE0A2-102C-41BE-8B14-E018E4FD8D98}.Release|x86.Build.0 = Release|Any CPU
		{C3C0F440-D99A-4269-916F-4181C5E0F6F7}.Ad-Hoc|Any CPU.ActiveCfg = Debug|Any CPU
		{C3C0F440-D99A-4269-916F-4181C5E0F6F7}.Ad-Hoc|Any CPU.Build.0 = Debug|Any CPU
		{C3C0F440-D99A-4269-916F-4181C5E0F6F7}.Ad-Hoc|ARM.ActiveCfg = Debug|Any CPU
		{C3C0F440-D99A-4269-916F-4181C5E0F6F7}.Ad-Hoc|ARM.Build.0 = Debug|Any CPU
		{C3C0F440-D99A-4269-916F-4181C5E0F6F7}.Ad-Hoc|iPhone.ActiveCfg = Debug|Any CPU
		{C3C0F440-D99A-4269-916F-4181C5E0F6F7}.Ad-Hoc|iPhone.Build.0 = Debug|Any CPU
		{C3C0F440-D99A-4269-916F-4181C5E0F6F7}.Ad-Hoc|iPhoneSimulator.ActiveCfg = Debug|Any CPU
		{C3C0F440-D99A-4269-916F-4181C5E0F6F7}.Ad-Hoc|iPhoneSimulator.Build.0 = Debug|Any CPU
		{C3C0F440-D99A-4269-916F-4181C5E0F6F7}.Ad-Hoc|x64.ActiveCfg = Debug|Any CPU
		{C3C0F440-D99A-4269-916F-4181C5E0F6F7}.Ad-Hoc|x64.Build.0 = Debug|Any CPU
		{C3C0F440-D99A-4269-916F-4181C5E0F6F7}.Ad-Hoc|x86.ActiveCfg = Debug|Any CPU
		{C3C0F440-D99A-4269-916F-4181C5E0F6F7}.Ad-Hoc|x86.Build.0 = Debug|Any CPU
		{C3C0F440-D99A-4269-916F-4181C5E0F6F7}.AppStore|Any CPU.ActiveCfg = Debug|Any CPU
		{C3C0F440-D99A-4269-916F-4181C5E0F6F7}.AppStore|Any CPU.Build.0 = Debug|Any CPU
		{C3C0F440-D99A-4269-916F-4181C5E0F6F7}.AppStore|ARM.ActiveCfg = Debug|Any CPU
		{C3C0F440-D99A-4269-916F-4181C5E0F6F7}.AppStore|ARM.Build.0 = Debug|Any CPU
		{C3C0F440-D99A-4269-916F-4181C5E0F6F7}.AppStore|iPhone.ActiveCfg = Debug|Any CPU
		{C3C0F440-D99A-4269-916F-4181C5E0F6F7}.AppStore|iPhone.Build.0 = Debug|Any CPU
		{C3C0F440-D99A-4269-916F-4181C5E0F6F7}.AppStore|iPhoneSimulator.ActiveCfg = Debug|Any CPU
		{C3C0F440-D99A-4269-916F-4181C5E0F6F7}.AppStore|iPhoneSimulator.Build.0 = Debug|Any CPU
		{C3C0F440-D99A-4269-916F-4181C5E0F6F7}.AppStore|x64.ActiveCfg = Debug|Any CPU
		{C3C0F440-D99A-4269-916F-4181C5E0F6F7}.AppStore|x64.Build.0 = Debug|Any CPU
		{C3C0F440-D99A-4269-916F-4181C5E0F6F7}.AppStore|x86.ActiveCfg = Debug|Any CPU
		{C3C0F440-D99A-4269-916F-4181C5E0F6F7}.AppStore|x86.Build.0 = Debug|Any CPU
		{C3C0F440-D99A-4269-916F-4181C5E0F6F7}.Debug|Any CPU.ActiveCfg = Debug|Any CPU
		{C3C0F440-D99A-4269-916F-4181C5E0F6F7}.Debug|Any CPU.Build.0 = Debug|Any CPU
		{C3C0F440-D99A-4269-916F-4181C5E0F6F7}.Debug|ARM.ActiveCfg = Debug|Any CPU
		{C3C0F440-D99A-4269-916F-4181C5E0F6F7}.Debug|ARM.Build.0 = Debug|Any CPU
		{C3C0F440-D99A-4269-916F-4181C5E0F6F7}.Debug|iPhone.ActiveCfg = Debug|Any CPU
		{C3C0F440-D99A-4269-916F-4181C5E0F6F7}.Debug|iPhone.Build.0 = Debug|Any CPU
		{C3C0F440-D99A-4269-916F-4181C5E0F6F7}.Debug|iPhoneSimulator.ActiveCfg = Debug|Any CPU
		{C3C0F440-D99A-4269-916F-4181C5E0F6F7}.Debug|iPhoneSimulator.Build.0 = Debug|Any CPU
		{C3C0F440-D99A-4269-916F-4181C5E0F6F7}.Debug|x64.ActiveCfg = Debug|Any CPU
		{C3C0F440-D99A-4269-916F-4181C5E0F6F7}.Debug|x64.Build.0 = Debug|Any CPU
		{C3C0F440-D99A-4269-916F-4181C5E0F6F7}.Debug|x86.ActiveCfg = Debug|Any CPU
		{C3C0F440-D99A-4269-916F-4181C5E0F6F7}.Debug|x86.Build.0 = Debug|Any CPU
		{C3C0F440-D99A-4269-916F-4181C5E0F6F7}.Release|Any CPU.ActiveCfg = Release|Any CPU
		{C3C0F440-D99A-4269-916F-4181C5E0F6F7}.Release|Any CPU.Build.0 = Release|Any CPU
		{C3C0F440-D99A-4269-916F-4181C5E0F6F7}.Release|ARM.ActiveCfg = Release|Any CPU
		{C3C0F440-D99A-4269-916F-4181C5E0F6F7}.Release|ARM.Build.0 = Release|Any CPU
		{C3C0F440-D99A-4269-916F-4181C5E0F6F7}.Release|iPhone.ActiveCfg = Release|Any CPU
		{C3C0F440-D99A-4269-916F-4181C5E0F6F7}.Release|iPhone.Build.0 = Release|Any CPU
		{C3C0F440-D99A-4269-916F-4181C5E0F6F7}.Release|iPhoneSimulator.ActiveCfg = Release|Any CPU
		{C3C0F440-D99A-4269-916F-4181C5E0F6F7}.Release|iPhoneSimulator.Build.0 = Release|Any CPU
		{C3C0F440-D99A-4269-916F-4181C5E0F6F7}.Release|x64.ActiveCfg = Release|Any CPU
		{C3C0F440-D99A-4269-916F-4181C5E0F6F7}.Release|x64.Build.0 = Release|Any CPU
		{C3C0F440-D99A-4269-916F-4181C5E0F6F7}.Release|x86.ActiveCfg = Release|Any CPU
		{C3C0F440-D99A-4269-916F-4181C5E0F6F7}.Release|x86.Build.0 = Release|Any CPU
		{3152B4CD-A0A9-41D5-9E1D-F0F655DDC688}.Ad-Hoc|Any CPU.ActiveCfg = Debug|Any CPU
		{3152B4CD-A0A9-41D5-9E1D-F0F655DDC688}.Ad-Hoc|Any CPU.Build.0 = Debug|Any CPU
		{3152B4CD-A0A9-41D5-9E1D-F0F655DDC688}.Ad-Hoc|ARM.ActiveCfg = Debug|Any CPU
		{3152B4CD-A0A9-41D5-9E1D-F0F655DDC688}.Ad-Hoc|ARM.Build.0 = Debug|Any CPU
		{3152B4CD-A0A9-41D5-9E1D-F0F655DDC688}.Ad-Hoc|iPhone.ActiveCfg = Debug|Any CPU
		{3152B4CD-A0A9-41D5-9E1D-F0F655DDC688}.Ad-Hoc|iPhone.Build.0 = Debug|Any CPU
		{3152B4CD-A0A9-41D5-9E1D-F0F655DDC688}.Ad-Hoc|iPhoneSimulator.ActiveCfg = Debug|Any CPU
		{3152B4CD-A0A9-41D5-9E1D-F0F655DDC688}.Ad-Hoc|iPhoneSimulator.Build.0 = Debug|Any CPU
		{3152B4CD-A0A9-41D5-9E1D-F0F655DDC688}.Ad-Hoc|x64.ActiveCfg = Debug|Any CPU
		{3152B4CD-A0A9-41D5-9E1D-F0F655DDC688}.Ad-Hoc|x64.Build.0 = Debug|Any CPU
		{3152B4CD-A0A9-41D5-9E1D-F0F655DDC688}.Ad-Hoc|x86.ActiveCfg = Debug|Any CPU
		{3152B4CD-A0A9-41D5-9E1D-F0F655DDC688}.Ad-Hoc|x86.Build.0 = Debug|Any CPU
		{3152B4CD-A0A9-41D5-9E1D-F0F655DDC688}.AppStore|Any CPU.ActiveCfg = Debug|Any CPU
		{3152B4CD-A0A9-41D5-9E1D-F0F655DDC688}.AppStore|Any CPU.Build.0 = Debug|Any CPU
		{3152B4CD-A0A9-41D5-9E1D-F0F655DDC688}.AppStore|ARM.ActiveCfg = Debug|Any CPU
		{3152B4CD-A0A9-41D5-9E1D-F0F655DDC688}.AppStore|ARM.Build.0 = Debug|Any CPU
		{3152B4CD-A0A9-41D5-9E1D-F0F655DDC688}.AppStore|iPhone.ActiveCfg = Debug|Any CPU
		{3152B4CD-A0A9-41D5-9E1D-F0F655DDC688}.AppStore|iPhone.Build.0 = Debug|Any CPU
		{3152B4CD-A0A9-41D5-9E1D-F0F655DDC688}.AppStore|iPhoneSimulator.ActiveCfg = Debug|Any CPU
		{3152B4CD-A0A9-41D5-9E1D-F0F655DDC688}.AppStore|iPhoneSimulator.Build.0 = Debug|Any CPU
		{3152B4CD-A0A9-41D5-9E1D-F0F655DDC688}.AppStore|x64.ActiveCfg = Debug|Any CPU
		{3152B4CD-A0A9-41D5-9E1D-F0F655DDC688}.AppStore|x64.Build.0 = Debug|Any CPU
		{3152B4CD-A0A9-41D5-9E1D-F0F655DDC688}.AppStore|x86.ActiveCfg = Debug|Any CPU
		{3152B4CD-A0A9-41D5-9E1D-F0F655DDC688}.AppStore|x86.Build.0 = Debug|Any CPU
		{3152B4CD-A0A9-41D5-9E1D-F0F655DDC688}.Debug|Any CPU.ActiveCfg = Debug|Any CPU
		{3152B4CD-A0A9-41D5-9E1D-F0F655DDC688}.Debug|Any CPU.Build.0 = Debug|Any CPU
		{3152B4CD-A0A9-41D5-9E1D-F0F655DDC688}.Debug|ARM.ActiveCfg = Debug|Any CPU
		{3152B4CD-A0A9-41D5-9E1D-F0F655DDC688}.Debug|ARM.Build.0 = Debug|Any CPU
		{3152B4CD-A0A9-41D5-9E1D-F0F655DDC688}.Debug|iPhone.ActiveCfg = Debug|Any CPU
		{3152B4CD-A0A9-41D5-9E1D-F0F655DDC688}.Debug|iPhone.Build.0 = Debug|Any CPU
		{3152B4CD-A0A9-41D5-9E1D-F0F655DDC688}.Debug|iPhoneSimulator.ActiveCfg = Debug|Any CPU
		{3152B4CD-A0A9-41D5-9E1D-F0F655DDC688}.Debug|iPhoneSimulator.Build.0 = Debug|Any CPU
		{3152B4CD-A0A9-41D5-9E1D-F0F655DDC688}.Debug|x64.ActiveCfg = Debug|Any CPU
		{3152B4CD-A0A9-41D5-9E1D-F0F655DDC688}.Debug|x64.Build.0 = Debug|Any CPU
		{3152B4CD-A0A9-41D5-9E1D-F0F655DDC688}.Debug|x86.ActiveCfg = Debug|Any CPU
		{3152B4CD-A0A9-41D5-9E1D-F0F655DDC688}.Debug|x86.Build.0 = Debug|Any CPU
		{3152B4CD-A0A9-41D5-9E1D-F0F655DDC688}.Release|Any CPU.ActiveCfg = Release|Any CPU
		{3152B4CD-A0A9-41D5-9E1D-F0F655DDC688}.Release|Any CPU.Build.0 = Release|Any CPU
		{3152B4CD-A0A9-41D5-9E1D-F0F655DDC688}.Release|ARM.ActiveCfg = Release|Any CPU
		{3152B4CD-A0A9-41D5-9E1D-F0F655DDC688}.Release|ARM.Build.0 = Release|Any CPU
		{3152B4CD-A0A9-41D5-9E1D-F0F655DDC688}.Release|iPhone.ActiveCfg = Release|Any CPU
		{3152B4CD-A0A9-41D5-9E1D-F0F655DDC688}.Release|iPhone.Build.0 = Release|Any CPU
		{3152B4CD-A0A9-41D5-9E1D-F0F655DDC688}.Release|iPhoneSimulator.ActiveCfg = Release|Any CPU
		{3152B4CD-A0A9-41D5-9E1D-F0F655DDC688}.Release|iPhoneSimulator.Build.0 = Release|Any CPU
		{3152B4CD-A0A9-41D5-9E1D-F0F655DDC688}.Release|x64.ActiveCfg = Release|Any CPU
		{3152B4CD-A0A9-41D5-9E1D-F0F655DDC688}.Release|x64.Build.0 = Release|Any CPU
		{3152B4CD-A0A9-41D5-9E1D-F0F655DDC688}.Release|x86.ActiveCfg = Release|Any CPU
		{3152B4CD-A0A9-41D5-9E1D-F0F655DDC688}.Release|x86.Build.0 = Release|Any CPU
	EndGlobalSection
	GlobalSection(SolutionProperties) = preSolution
		HideSolutionNode = FALSE
	EndGlobalSection
	GlobalSection(NestedProjects) = preSolution
		{3ABDC0DF-5B64-40D4-93FD-6E01BC27FE85} = {990EB043-5A28-4229-843E-325D14311146}
		{149692B2-5839-4E19-A1BE-00E60D0DAED0} = {990EB043-5A28-4229-843E-325D14311146}
		{B4CE1159-55FA-4092-8D6C-733FFF1CCDC2} = {990EB043-5A28-4229-843E-325D14311146}
		{0B19053D-B0AD-4CBF-9AA0-2E405DBD8D2D} = {990EB043-5A28-4229-843E-325D14311146}
		{2380D9E8-6C41-4FB9-9CDD-B674D962768B} = {990EB043-5A28-4229-843E-325D14311146}
		{602E95A1-6B6C-41D6-8953-D4B3ED20AFAB} = {990EB043-5A28-4229-843E-325D14311146}
		{51297B77-361E-4ADA-B6EC-DCFFF943EC4A} = {536D9344-D9B0-4FDD-A3F3-9207656871A7}
		{9F7CD64E-A646-4303-869F-81A1F55422A5} = {536D9344-D9B0-4FDD-A3F3-9207656871A7}
		{EB71DDB2-3F8B-41EE-8C6F-DE18357A5047} = {536D9344-D9B0-4FDD-A3F3-9207656871A7}
		{0F9DE0A2-102C-41BE-8B14-E018E4FD8D98} = {DD29431D-19BF-4D7E-9F8E-0297C0555F8E}
		{C3C0F440-D99A-4269-916F-4181C5E0F6F7} = {536D9344-D9B0-4FDD-A3F3-9207656871A7}
		{3152B4CD-A0A9-41D5-9E1D-F0F655DDC688} = {4FEDBAF9-284D-4E5B-B20E-C1E035BBAC24}
	EndGlobalSection
	GlobalSection(MonoDevelopProperties) = preSolution
		Policies = $0
		$0.DotNetNamingPolicy = $1
		$1.DirectoryNamespaceAssociation = None
		$1.ResourceNamePolicy = FileFormatDefault
		$0.StandardHeader = $2
		$2.Text = 
		$2.IncludeInNewFiles = True
		$0.NameConventionPolicy = $3
		$3.Rules = $4
		$4.NamingRule = $5
		$5.Name = Type Parameters
		$5.AffectedEntity = TypeParameter
		$5.VisibilityMask = VisibilityMask
		$5.NamingStyle = PascalCase
		$5.IncludeInstanceMembers = True
		$5.IncludeStaticEntities = True
		$5.RequiredPrefixes = $27
		$27.String = T
		$5.RequiredSuffixes = $28
		$28.String = Exception
		$4.NamingRule = $6
		$6.Name = Types
		$6.AffectedEntity = Class, Struct, Enum, Delegate
		$6.VisibilityMask = Public
		$6.NamingStyle = PascalCase
		$6.IncludeInstanceMembers = True
		$6.IncludeStaticEntities = True
		$4.NamingRule = $7
		$7.Name = Interfaces
		$7.RequiredPrefixes = $8
		$8.String = I
		$7.AffectedEntity = Interface
		$7.VisibilityMask = Public
		$7.NamingStyle = PascalCase
		$7.IncludeInstanceMembers = True
		$7.IncludeStaticEntities = True
		$4.NamingRule = $9
		$9.Name = Attributes
		$9.RequiredSuffixes = $10
		$10.String = Attribute
		$9.AffectedEntity = CustomAttributes
		$9.VisibilityMask = Public
		$9.NamingStyle = PascalCase
		$9.IncludeInstanceMembers = True
		$9.IncludeStaticEntities = True
		$4.NamingRule = $11
		$11.Name = Event Arguments
		$11.RequiredSuffixes = $12
		$12.String = EventArgs
		$11.AffectedEntity = CustomEventArgs
		$11.VisibilityMask = Public
		$11.NamingStyle = PascalCase
		$11.IncludeInstanceMembers = True
		$11.IncludeStaticEntities = True
		$4.NamingRule = $13
		$13.Name = Exceptions
		$13.RequiredSuffixes = $14
		$14.String = Exception
		$13.AffectedEntity = CustomExceptions
		$13.VisibilityMask = VisibilityMask
		$13.NamingStyle = PascalCase
		$13.IncludeInstanceMembers = True
		$13.IncludeStaticEntities = True
		$4.NamingRule = $15
		$15.Name = Methods
		$15.AffectedEntity = Methods
		$15.VisibilityMask = Protected, Public
		$15.NamingStyle = PascalCase
		$15.IncludeInstanceMembers = True
		$15.IncludeStaticEntities = True
		$4.NamingRule = $16
		$16.Name = Static Readonly Fields
		$16.AffectedEntity = ReadonlyField
		$16.VisibilityMask = Protected, Public
		$16.NamingStyle = PascalCase
		$16.IncludeInstanceMembers = False
		$16.IncludeStaticEntities = True
		$4.NamingRule = $17
		$17.Name = Fields
		$17.AffectedEntity = Field
		$17.VisibilityMask = Protected, Public
		$17.NamingStyle = PascalCase
		$17.IncludeInstanceMembers = True
		$17.IncludeStaticEntities = True
		$4.NamingRule = $18
		$18.Name = ReadOnly Fields
		$18.AffectedEntity = ReadonlyField
		$18.VisibilityMask = Protected, Public
		$18.NamingStyle = PascalCase
		$18.IncludeInstanceMembers = True
		$18.IncludeStaticEntities = False
		$4.NamingRule = $19
		$19.Name = Constant Fields
		$19.AffectedEntity = ConstantField
		$19.VisibilityMask = Protected, Public
		$19.NamingStyle = PascalCase
		$19.IncludeInstanceMembers = True
		$19.IncludeStaticEntities = True
		$4.NamingRule = $20
		$20.Name = Properties
		$20.AffectedEntity = Property
		$20.VisibilityMask = Protected, Public
		$20.NamingStyle = PascalCase
		$20.IncludeInstanceMembers = True
		$20.IncludeStaticEntities = True
		$4.NamingRule = $21
		$21.Name = Events
		$21.AffectedEntity = Event
		$21.VisibilityMask = Protected, Public
		$21.NamingStyle = PascalCase
		$21.IncludeInstanceMembers = True
		$21.IncludeStaticEntities = True
		$4.NamingRule = $22
		$22.Name = Enum Members
		$22.AffectedEntity = EnumMember
		$22.VisibilityMask = VisibilityMask
		$22.NamingStyle = PascalCase
		$22.IncludeInstanceMembers = True
		$22.IncludeStaticEntities = True
		$4.NamingRule = $23
		$23.Name = Parameters
		$23.AffectedEntity = Parameter
		$23.VisibilityMask = VisibilityMask
		$23.NamingStyle = CamelCase
		$23.IncludeInstanceMembers = True
		$23.IncludeStaticEntities = True
		$4.NamingRule = $24
		$24.Name = Type Parameters
		$24.RequiredPrefixes = $25
		$25.String = T
		$24.AffectedEntity = TypeParameter
		$24.VisibilityMask = VisibilityMask
		$24.NamingStyle = PascalCase
		$24.IncludeInstanceMembers = True
		$24.IncludeStaticEntities = True
		$0.VersionControlPolicy = $26
		$26.inheritsSet = Mono
	EndGlobalSection
EndGlobal
